// !$*UTF8*$!
{
	archiveVersion = 1;
	classes = {
	};
	objectVersion = 50;
	objects = {

/* Begin PBXBuildFile section */
		1A6661D83ECCD26474C05464 /* ShareListDataVM.m in Sources */ = {isa = PBXBuildFile; fileRef = 1A666A1EA188FAD2CA82C3F0 /* ShareListDataVM.m */; };
		1A6662B7730A0463C4DDB09F /* ShareItem.m in Sources */ = {isa = PBXBuildFile; fileRef = 1A666F1BF842BED3CA90909A /* ShareItem.m */; };
		1A666343FA04BD8EEDE1C252 /* CateDto.m in Sources */ = {isa = PBXBuildFile; fileRef = 1A666727266DACE8603BB649 /* CateDto.m */; };
		1A66640D48865CA066E05759 /* ShareListController.m in Sources */ = {isa = PBXBuildFile; fileRef = 1A666EC43AB55703156AAA31 /* ShareListController.m */; };
		1A6665F2827623D7F61DED00 /* SharePlatform.json in Resources */ = {isa = PBXBuildFile; fileRef = 1A666F5386C421FB71A8D8F4 /* SharePlatform.json */; };
		1A66677E1876008ED43A4E9C /* RootDataVM.m in Sources */ = {isa = PBXBuildFile; fileRef = 1A66641FA08AC29EC3488656 /* RootDataVM.m */; };
		1A6667B4BEF4C4ACCA2E61F5 /* CustomColor.json in Resources */ = {isa = PBXBuildFile; fileRef = 1A66606F69B55B486CF1E51E /* CustomColor.json */; };
		1A6668C3C2AF9A0D668687E7 /* DynamicHost.json in Resources */ = {isa = PBXBuildFile; fileRef = 1A666FEC7B39D59FBFE525B9 /* DynamicHost.json */; };
		1A666C8B6BFC18FF24476776 /* Assets.xcassets in Resources */ = {isa = PBXBuildFile; fileRef = 1A66632C0E0A9C2D21A28F53 /* Assets.xcassets */; };
		1A666EFFF8E19F6A401307C1 /* RootTableController.m in Sources */ = {isa = PBXBuildFile; fileRef = 1A666613C0311CBF53ACEEAF /* RootTableController.m */; };
		250CCD4521D488F500ECDF83 /* NSObject+ShareApi.m in Sources */ = {isa = PBXBuildFile; fileRef = 250CCD0B21D488F500ECDF83 /* NSObject+ShareApi.m */; };
		250CCD4621D488F500ECDF83 /* MCShareConfig.m in Sources */ = {isa = PBXBuildFile; fileRef = 250CCD0E21D488F500ECDF83 /* MCShareConfig.m */; };
		250CCD4721D488F500ECDF83 /* MCShareDataVM.m in Sources */ = {isa = PBXBuildFile; fileRef = 250CCD1021D488F500ECDF83 /* MCShareDataVM.m */; };
		250CCD4821D488F500ECDF83 /* MCSocialModule.m in Sources */ = {isa = PBXBuildFile; fileRef = 250CCD1221D488F500ECDF83 /* MCSocialModule.m */; };
		250CCD4921D488F500ECDF83 /* UIButton+BackgroundColor.m in Sources */ = {isa = PBXBuildFile; fileRef = 250CCD1421D488F500ECDF83 /* UIButton+BackgroundColor.m */; };
		250CCD4A21D488F500ECDF83 /* UIView+Extend.m in Sources */ = {isa = PBXBuildFile; fileRef = 250CCD1521D488F500ECDF83 /* UIView+Extend.m */; };
		250CCD4C21D488F500ECDF83 /* DeviceUtils.m in Sources */ = {isa = PBXBuildFile; fileRef = 250CCD1921D488F500ECDF83 /* DeviceUtils.m */; };
		250CCD4D21D488F500ECDF83 /* UIColor+Extend.m in Sources */ = {isa = PBXBuildFile; fileRef = 250CCD1A21D488F500ECDF83 /* UIColor+Extend.m */; };
		250CCD4E21D488F500ECDF83 /* NSString+URLEncoded.m in Sources */ = {isa = PBXBuildFile; fileRef = 250CCD1E21D488F500ECDF83 /* NSString+URLEncoded.m */; };
		250CCD4F21D488F500ECDF83 /* StringUtils.m in Sources */ = {isa = PBXBuildFile; fileRef = 250CCD1F21D488F500ECDF83 /* StringUtils.m */; };
		250CCD5021D488F500ECDF83 /* MCSocialPlatformDto.m in Sources */ = {isa = PBXBuildFile; fileRef = 250CCD2521D488F500ECDF83 /* MCSocialPlatformDto.m */; };
		250CCD5121D488F500ECDF83 /* MCShareDto.m in Sources */ = {isa = PBXBuildFile; fileRef = 250CCD2621D488F500ECDF83 /* MCShareDto.m */; };
		250CCD5221D488F500ECDF83 /* MCShareHelper.m in Sources */ = {isa = PBXBuildFile; fileRef = 250CCD2721D488F500ECDF83 /* MCShareHelper.m */; };
		250CCD5321D488F500ECDF83 /* MCLoginHelper.m in Sources */ = {isa = PBXBuildFile; fileRef = 250CCD2921D488F500ECDF83 /* MCLoginHelper.m */; };
		250CCD5421D488F500ECDF83 /* MCShareCell.m in Sources */ = {isa = PBXBuildFile; fileRef = 250CCD2C21D488F500ECDF83 /* MCShareCell.m */; };
		250CCD5521D488F500ECDF83 /* ToastUtils.m in Sources */ = {isa = PBXBuildFile; fileRef = 250CCD3421D488F500ECDF83 /* ToastUtils.m */; };
		250CCD5621D488F500ECDF83 /* UIView+Toast.m in Sources */ = {isa = PBXBuildFile; fileRef = 250CCD3521D488F500ECDF83 /* UIView+Toast.m */; };
		250CCD5D21D488F500ECDF83 /* MCSharePopView.m in Sources */ = {isa = PBXBuildFile; fileRef = 250CCD4421D488F500ECDF83 /* MCSharePopView.m */; };
		250CCD5F21D4890500ECDF83 /* README.md in Resources */ = {isa = PBXBuildFile; fileRef = 250CCD5E21D4890500ECDF83 /* README.md */; };
		255F70A321C78E850059A14C /* media.mp4 in Resources */ = {isa = PBXBuildFile; fileRef = 255F70A121C78E850059A14C /* media.mp4 */; };
		255F70A421C78E850059A14C /* think.jpg in Resources */ = {isa = PBXBuildFile; fileRef = 255F70A221C78E850059A14C /* think.jpg */; };
		25AA033A21A41CD10009A1D9 /* AppDelegate.m in Sources */ = {isa = PBXBuildFile; fileRef = 25AA033921A41CD10009A1D9 /* AppDelegate.m */; };
		25AA034021A41CD10009A1D9 /* Main.storyboard in Resources */ = {isa = PBXBuildFile; fileRef = 25AA033E21A41CD10009A1D9 /* Main.storyboard */; };
		25AA034521A41CD40009A1D9 /* LaunchScreen.storyboard in Resources */ = {isa = PBXBuildFile; fileRef = 25AA034321A41CD40009A1D9 /* LaunchScreen.storyboard */; };
		25AA034821A41CD40009A1D9 /* main.m in Sources */ = {isa = PBXBuildFile; fileRef = 25AA034721A41CD40009A1D9 /* main.m */; };
		9C497ACA887D1E667298E4BC /* libPods-MCShare.a in Frameworks */ = {isa = PBXBuildFile; fileRef = 65C70A28D74463BC6A068300 /* libPods-MCShare.a */; };
/* End PBXBuildFile section */

/* Begin PBXFileReference section */
		1A66606F69B55B486CF1E51E /* CustomColor.json */ = {isa = PBXFileReference; fileEncoding = 4; lastKnownFileType = text.json; path = CustomColor.json; sourceTree = "<group>"; };
		1A66632C0E0A9C2D21A28F53 /* Assets.xcassets */ = {isa = PBXFileReference; lastKnownFileType = folder.assetcatalog; path = Assets.xcassets; sourceTree = "<group>"; };
		1A6663FA932EAF2AF8840A16 /* CateDto.h */ = {isa = PBXFileReference; fileEncoding = 4; lastKnownFileType = sourcecode.c.h; path = CateDto.h; sourceTree = "<group>"; };
		1A66641FA08AC29EC3488656 /* RootDataVM.m */ = {isa = PBXFileReference; fileEncoding = 4; lastKnownFileType = sourcecode.c.objc; path = RootDataVM.m; sourceTree = "<group>"; };
		1A666613C0311CBF53ACEEAF /* RootTableController.m */ = {isa = PBXFileReference; fileEncoding = 4; lastKnownFileType = sourcecode.c.objc; path = RootTableController.m; sourceTree = "<group>"; };
		1A666727266DACE8603BB649 /* CateDto.m */ = {isa = PBXFileReference; fileEncoding = 4; lastKnownFileType = sourcecode.c.objc; path = CateDto.m; sourceTree = "<group>"; };
		1A66679FCB040E280016AE37 /* RootDataVM.h */ = {isa = PBXFileReference; fileEncoding = 4; lastKnownFileType = sourcecode.c.h; path = RootDataVM.h; sourceTree = "<group>"; };
		1A66680BC066EC3EAB51A833 /* ShareListController.h */ = {isa = PBXFileReference; fileEncoding = 4; lastKnownFileType = sourcecode.c.h; path = ShareListController.h; sourceTree = "<group>"; };
		1A666938E66E5BF33C33BF48 /* ShareListDataVM.h */ = {isa = PBXFileReference; fileEncoding = 4; lastKnownFileType = sourcecode.c.h; path = ShareListDataVM.h; sourceTree = "<group>"; };
		1A666A1EA188FAD2CA82C3F0 /* ShareListDataVM.m */ = {isa = PBXFileReference; fileEncoding = 4; lastKnownFileType = sourcecode.c.objc; path = ShareListDataVM.m; sourceTree = "<group>"; };
		1A666C9524ED5ABE5B412D62 /* RootTableController.h */ = {isa = PBXFileReference; fileEncoding = 4; lastKnownFileType = sourcecode.c.h; path = RootTableController.h; sourceTree = "<group>"; };
		1A666D8E83051D1B40FC29E7 /* ShareItem.h */ = {isa = PBXFileReference; fileEncoding = 4; lastKnownFileType = sourcecode.c.h; path = ShareItem.h; sourceTree = "<group>"; };
		1A666EC43AB55703156AAA31 /* ShareListController.m */ = {isa = PBXFileReference; fileEncoding = 4; lastKnownFileType = sourcecode.c.objc; path = ShareListController.m; sourceTree = "<group>"; };
		1A666F1BF842BED3CA90909A /* ShareItem.m */ = {isa = PBXFileReference; fileEncoding = 4; lastKnownFileType = sourcecode.c.objc; path = ShareItem.m; sourceTree = "<group>"; };
		1A666F2139DA40B95AD357B5 /* MCShare.podspec */ = {isa = PBXFileReference; lastKnownFileType = file.podspec; name = MCShare.podspec; path = ../MCShare.podspec; sourceTree = "<group>"; };
		1A666F5386C421FB71A8D8F4 /* SharePlatform.json */ = {isa = PBXFileReference; fileEncoding = 4; lastKnownFileType = text.json; path = SharePlatform.json; sourceTree = "<group>"; };
		1A666FEC7B39D59FBFE525B9 /* DynamicHost.json */ = {isa = PBXFileReference; fileEncoding = 4; lastKnownFileType = text.json; path = DynamicHost.json; sourceTree = "<group>"; };
		250CCD0B21D488F500ECDF83 /* NSObject+ShareApi.m */ = {isa = PBXFileReference; fileEncoding = 4; lastKnownFileType = sourcecode.c.objc; path = "NSObject+ShareApi.m"; sourceTree = "<group>"; };
		250CCD0C21D488F500ECDF83 /* MCLoginHelper.h */ = {isa = PBXFileReference; fileEncoding = 4; lastKnownFileType = sourcecode.c.h; path = MCLoginHelper.h; sourceTree = "<group>"; };
		250CCD0E21D488F500ECDF83 /* MCShareConfig.m */ = {isa = PBXFileReference; fileEncoding = 4; lastKnownFileType = sourcecode.c.objc; path = MCShareConfig.m; sourceTree = "<group>"; };
		250CCD0F21D488F500ECDF83 /* MCShareConfig.h */ = {isa = PBXFileReference; fileEncoding = 4; lastKnownFileType = sourcecode.c.h; path = MCShareConfig.h; sourceTree = "<group>"; };
		250CCD1021D488F500ECDF83 /* MCShareDataVM.m */ = {isa = PBXFileReference; fileEncoding = 4; lastKnownFileType = sourcecode.c.objc; path = MCShareDataVM.m; sourceTree = "<group>"; };
		250CCD1121D488F500ECDF83 /* MCSharePopView.h */ = {isa = PBXFileReference; fileEncoding = 4; lastKnownFileType = sourcecode.c.h; path = MCSharePopView.h; sourceTree = "<group>"; };
		250CCD1221D488F500ECDF83 /* MCSocialModule.m */ = {isa = PBXFileReference; fileEncoding = 4; lastKnownFileType = sourcecode.c.objc; path = MCSocialModule.m; sourceTree = "<group>"; };
		250CCD1421D488F500ECDF83 /* UIButton+BackgroundColor.m */ = {isa = PBXFileReference; fileEncoding = 4; lastKnownFileType = sourcecode.c.objc; path = "UIButton+BackgroundColor.m"; sourceTree = "<group>"; };
		250CCD1521D488F500ECDF83 /* UIView+Extend.m */ = {isa = PBXFileReference; fileEncoding = 4; lastKnownFileType = sourcecode.c.objc; path = "UIView+Extend.m"; sourceTree = "<group>"; };
		250CCD1621D488F500ECDF83 /* NSString+URLEncoded.h */ = {isa = PBXFileReference; fileEncoding = 4; lastKnownFileType = sourcecode.c.h; path = "NSString+URLEncoded.h"; sourceTree = "<group>"; };
		250CCD1821D488F500ECDF83 /* StringUtils.h */ = {isa = PBXFileReference; fileEncoding = 4; lastKnownFileType = sourcecode.c.h; path = StringUtils.h; sourceTree = "<group>"; };
		250CCD1921D488F500ECDF83 /* DeviceUtils.m */ = {isa = PBXFileReference; fileEncoding = 4; lastKnownFileType = sourcecode.c.objc; path = DeviceUtils.m; sourceTree = "<group>"; };
		250CCD1A21D488F500ECDF83 /* UIColor+Extend.m */ = {isa = PBXFileReference; fileEncoding = 4; lastKnownFileType = sourcecode.c.objc; path = "UIColor+Extend.m"; sourceTree = "<group>"; };
		250CCD1B21D488F500ECDF83 /* UIView+Extend.h */ = {isa = PBXFileReference; fileEncoding = 4; lastKnownFileType = sourcecode.c.h; path = "UIView+Extend.h"; sourceTree = "<group>"; };
		250CCD1C21D488F500ECDF83 /* UIButton+BackgroundColor.h */ = {isa = PBXFileReference; fileEncoding = 4; lastKnownFileType = sourcecode.c.h; path = "UIButton+BackgroundColor.h"; sourceTree = "<group>"; };
		250CCD1E21D488F500ECDF83 /* NSString+URLEncoded.m */ = {isa = PBXFileReference; fileEncoding = 4; lastKnownFileType = sourcecode.c.objc; path = "NSString+URLEncoded.m"; sourceTree = "<group>"; };
		250CCD1F21D488F500ECDF83 /* StringUtils.m */ = {isa = PBXFileReference; fileEncoding = 4; lastKnownFileType = sourcecode.c.objc; path = StringUtils.m; sourceTree = "<group>"; };
		250CCD2021D488F500ECDF83 /* UIColor+Extend.h */ = {isa = PBXFileReference; fileEncoding = 4; lastKnownFileType = sourcecode.c.h; path = "UIColor+Extend.h"; sourceTree = "<group>"; };
		250CCD2121D488F500ECDF83 /* DeviceUtils.h */ = {isa = PBXFileReference; fileEncoding = 4; lastKnownFileType = sourcecode.c.h; path = DeviceUtils.h; sourceTree = "<group>"; };
		250CCD2321D488F500ECDF83 /* MCSocialPlatformDto.h */ = {isa = PBXFileReference; fileEncoding = 4; lastKnownFileType = sourcecode.c.h; path = MCSocialPlatformDto.h; sourceTree = "<group>"; };
		250CCD2421D488F500ECDF83 /* MCShareDto.h */ = {isa = PBXFileReference; fileEncoding = 4; lastKnownFileType = sourcecode.c.h; path = MCShareDto.h; sourceTree = "<group>"; };
		250CCD2521D488F500ECDF83 /* MCSocialPlatformDto.m */ = {isa = PBXFileReference; fileEncoding = 4; lastKnownFileType = sourcecode.c.objc; path = MCSocialPlatformDto.m; sourceTree = "<group>"; };
		250CCD2621D488F500ECDF83 /* MCShareDto.m */ = {isa = PBXFileReference; fileEncoding = 4; lastKnownFileType = sourcecode.c.objc; path = MCShareDto.m; sourceTree = "<group>"; };
		250CCD2721D488F500ECDF83 /* MCShareHelper.m */ = {isa = PBXFileReference; fileEncoding = 4; lastKnownFileType = sourcecode.c.objc; path = MCShareHelper.m; sourceTree = "<group>"; };
		250CCD2821D488F500ECDF83 /* NSObject+ShareApi.h */ = {isa = PBXFileReference; fileEncoding = 4; lastKnownFileType = sourcecode.c.h; path = "NSObject+ShareApi.h"; sourceTree = "<group>"; };
		250CCD2921D488F500ECDF83 /* MCLoginHelper.m */ = {isa = PBXFileReference; fileEncoding = 4; lastKnownFileType = sourcecode.c.objc; path = MCLoginHelper.m; sourceTree = "<group>"; };
		250CCD2A21D488F500ECDF83 /* MCShareDataVM.h */ = {isa = PBXFileReference; fileEncoding = 4; lastKnownFileType = sourcecode.c.h; path = MCShareDataVM.h; sourceTree = "<group>"; };
		250CCD2C21D488F500ECDF83 /* MCShareCell.m */ = {isa = PBXFileReference; fileEncoding = 4; lastKnownFileType = sourcecode.c.objc; path = MCShareCell.m; sourceTree = "<group>"; };
		250CCD2D21D488F500ECDF83 /* MCShareCell.h */ = {isa = PBXFileReference; fileEncoding = 4; lastKnownFileType = sourcecode.c.h; path = MCShareCell.h; sourceTree = "<group>"; };
		250CCD2E21D488F500ECDF83 /* MCShareHelper.h */ = {isa = PBXFileReference; fileEncoding = 4; lastKnownFileType = sourcecode.c.h; path = MCShareHelper.h; sourceTree = "<group>"; };
		250CCD2F21D488F500ECDF83 /* MCSocialModule.h */ = {isa = PBXFileReference; fileEncoding = 4; lastKnownFileType = sourcecode.c.h; path = MCSocialModule.h; sourceTree = "<group>"; };
		250CCD3221D488F500ECDF83 /* ToastUtils.h */ = {isa = PBXFileReference; fileEncoding = 4; lastKnownFileType = sourcecode.c.h; path = ToastUtils.h; sourceTree = "<group>"; };
		250CCD3321D488F500ECDF83 /* UIView+Toast.h */ = {isa = PBXFileReference; fileEncoding = 4; lastKnownFileType = sourcecode.c.h; path = "UIView+Toast.h"; sourceTree = "<group>"; };
		250CCD3421D488F500ECDF83 /* ToastUtils.m */ = {isa = PBXFileReference; fileEncoding = 4; lastKnownFileType = sourcecode.c.objc; path = ToastUtils.m; sourceTree = "<group>"; };
		250CCD3521D488F500ECDF83 /* UIView+Toast.m */ = {isa = PBXFileReference; fileEncoding = 4; lastKnownFileType = sourcecode.c.objc; path = "UIView+Toast.m"; sourceTree = "<group>"; };
		250CCD4421D488F500ECDF83 /* MCSharePopView.m */ = {isa = PBXFileReference; fileEncoding = 4; lastKnownFileType = sourcecode.c.objc; path = MCSharePopView.m; sourceTree = "<group>"; };
		250CCD5E21D4890500ECDF83 /* README.md */ = {isa = PBXFileReference; fileEncoding = 4; lastKnownFileType = net.daringfireball.markdown; name = README.md; path = ../README.md; sourceTree = "<group>"; };
		255F70A121C78E850059A14C /* media.mp4 */ = {isa = PBXFileReference; lastKnownFileType = file; path = media.mp4; sourceTree = "<group>"; };
		255F70A221C78E850059A14C /* think.jpg */ = {isa = PBXFileReference; lastKnownFileType = image.jpeg; path = think.jpg; sourceTree = "<group>"; };
		25AA033521A41CD10009A1D9 /* MCShare.app */ = {isa = PBXFileReference; explicitFileType = wrapper.application; includeInIndex = 0; path = MCShare.app; sourceTree = BUILT_PRODUCTS_DIR; };
		25AA033821A41CD10009A1D9 /* AppDelegate.h */ = {isa = PBXFileReference; lastKnownFileType = sourcecode.c.h; path = AppDelegate.h; sourceTree = "<group>"; };
		25AA033921A41CD10009A1D9 /* AppDelegate.m */ = {isa = PBXFileReference; lastKnownFileType = sourcecode.c.objc; path = AppDelegate.m; sourceTree = "<group>"; };
		25AA033F21A41CD10009A1D9 /* Base */ = {isa = PBXFileReference; lastKnownFileType = file.storyboard; name = Base; path = Base.lproj/Main.storyboard; sourceTree = "<group>"; };
		25AA034421A41CD40009A1D9 /* Base */ = {isa = PBXFileReference; lastKnownFileType = file.storyboard; name = Base; path = Base.lproj/LaunchScreen.storyboard; sourceTree = "<group>"; };
		25AA034621A41CD40009A1D9 /* Info.plist */ = {isa = PBXFileReference; lastKnownFileType = text.plist.xml; path = Info.plist; sourceTree = "<group>"; };
		25AA034721A41CD40009A1D9 /* main.m */ = {isa = PBXFileReference; lastKnownFileType = sourcecode.c.objc; path = main.m; sourceTree = "<group>"; };
		65C70A28D74463BC6A068300 /* libPods-MCShare.a */ = {isa = PBXFileReference; explicitFileType = archive.ar; includeInIndex = 0; path = "libPods-MCShare.a"; sourceTree = BUILT_PRODUCTS_DIR; };
		F106022A4B5AF4208E12CF7B /* Pods-MCShare.debug.xcconfig */ = {isa = PBXFileReference; includeInIndex = 1; lastKnownFileType = text.xcconfig; name = "Pods-MCShare.debug.xcconfig"; path = "Pods/Target Support Files/Pods-MCShare/Pods-MCShare.debug.xcconfig"; sourceTree = "<group>"; };
		F4759F2888BE5ABC76D2044B /* Pods-MCShare.release.xcconfig */ = {isa = PBXFileReference; includeInIndex = 1; lastKnownFileType = text.xcconfig; name = "Pods-MCShare.release.xcconfig"; path = "Pods/Target Support Files/Pods-MCShare/Pods-MCShare.release.xcconfig"; sourceTree = "<group>"; };
/* End PBXFileReference section */

/* Begin PBXFrameworksBuildPhase section */
		25AA033221A41CD10009A1D9 /* Frameworks */ = {
			isa = PBXFrameworksBuildPhase;
			buildActionMask = 2147483647;
			files = (
				9C497ACA887D1E667298E4BC /* libPods-MCShare.a in Frameworks */,
			);
			runOnlyForDeploymentPostprocessing = 0;
		};
/* End PBXFrameworksBuildPhase section */

/* Begin PBXGroup section */
		1A6663E801EC690DED0E6125 /* Data */ = {
			isa = PBXGroup;
			children = (
				1A66606F69B55B486CF1E51E /* CustomColor.json */,
			);
			path = Data;
			sourceTree = "<group>";
		};
		1A6665EF6F189D8901F78AF2 /* Demo */ = {
			isa = PBXGroup;
			children = (
				1A66680BC066EC3EAB51A833 /* ShareListController.h */,
				1A666EC43AB55703156AAA31 /* ShareListController.m */,
				1A666A1EA188FAD2CA82C3F0 /* ShareListDataVM.m */,
				1A666938E66E5BF33C33BF48 /* ShareListDataVM.h */,
				1A666F1BF842BED3CA90909A /* ShareItem.m */,
				1A666D8E83051D1B40FC29E7 /* ShareItem.h */,
				1A666DF9EB8F747A07F36416 /* Root */,
				1A6663E801EC690DED0E6125 /* Data */,
			);
			path = Demo;
			sourceTree = "<group>";
		};
		1A666D354F7846FAA82C300A /* Source */ = {
			isa = PBXGroup;
			children = (
				255F70A121C78E850059A14C /* media.mp4 */,
				255F70A221C78E850059A14C /* think.jpg */,
				1A66632C0E0A9C2D21A28F53 /* Assets.xcassets */,
				1A666EE30BCC620B0E73B407 /* Datas */,
			);
			path = Source;
			sourceTree = "<group>";
		};
		1A666DF9EB8F747A07F36416 /* Root */ = {
			isa = PBXGroup;
			children = (
				1A666613C0311CBF53ACEEAF /* RootTableController.m */,
				1A666C9524ED5ABE5B412D62 /* RootTableController.h */,
				1A666727266DACE8603BB649 /* CateDto.m */,
				1A6663FA932EAF2AF8840A16 /* CateDto.h */,
				1A66641FA08AC29EC3488656 /* RootDataVM.m */,
				1A66679FCB040E280016AE37 /* RootDataVM.h */,
			);
			path = Root;
			sourceTree = "<group>";
		};
		1A666EE30BCC620B0E73B407 /* Datas */ = {
			isa = PBXGroup;
			children = (
				1A666F5386C421FB71A8D8F4 /* SharePlatform.json */,
				1A666FEC7B39D59FBFE525B9 /* DynamicHost.json */,
			);
			path = Datas;
			sourceTree = "<group>";
		};
		250CCD0A21D488F500ECDF83 /* SDK */ = {
			isa = PBXGroup;
			children = (
				250CCD0B21D488F500ECDF83 /* NSObject+ShareApi.m */,
				250CCD0C21D488F500ECDF83 /* MCLoginHelper.h */,
				250CCD0D21D488F500ECDF83 /* Config */,
				250CCD1021D488F500ECDF83 /* MCShareDataVM.m */,
				250CCD1121D488F500ECDF83 /* MCSharePopView.h */,
				250CCD1221D488F500ECDF83 /* MCSocialModule.m */,
				250CCD1321D488F500ECDF83 /* Utils */,
				250CCD2221D488F500ECDF83 /* Models */,
				250CCD2721D488F500ECDF83 /* MCShareHelper.m */,
				250CCD2821D488F500ECDF83 /* NSObject+ShareApi.h */,
				250CCD2921D488F500ECDF83 /* MCLoginHelper.m */,
				250CCD2A21D488F500ECDF83 /* MCShareDataVM.h */,
				250CCD2B21D488F500ECDF83 /* Views */,
				250CCD2E21D488F500ECDF83 /* MCShareHelper.h */,
				250CCD2F21D488F500ECDF83 /* MCSocialModule.h */,
				250CCD3021D488F500ECDF83 /* Vender */,
				250CCD4421D488F500ECDF83 /* MCSharePopView.m */,
			);
			name = SDK;
			path = ../SDK;
			sourceTree = "<group>";
		};
		250CCD0D21D488F500ECDF83 /* Config */ = {
			isa = PBXGroup;
			children = (
				250CCD0E21D488F500ECDF83 /* MCShareConfig.m */,
				250CCD0F21D488F500ECDF83 /* MCShareConfig.h */,
			);
			path = Config;
			sourceTree = "<group>";
		};
		250CCD1321D488F500ECDF83 /* Utils */ = {
			isa = PBXGroup;
			children = (
				250CCD1421D488F500ECDF83 /* UIButton+BackgroundColor.m */,
				250CCD1521D488F500ECDF83 /* UIView+Extend.m */,
				250CCD1621D488F500ECDF83 /* NSString+URLEncoded.h */,
				250CCD1821D488F500ECDF83 /* StringUtils.h */,
				250CCD1921D488F500ECDF83 /* DeviceUtils.m */,
				250CCD1A21D488F500ECDF83 /* UIColor+Extend.m */,
				250CCD1B21D488F500ECDF83 /* UIView+Extend.h */,
				250CCD1C21D488F500ECDF83 /* UIButton+BackgroundColor.h */,
				250CCD1E21D488F500ECDF83 /* NSString+URLEncoded.m */,
				250CCD1F21D488F500ECDF83 /* StringUtils.m */,
				250CCD2021D488F500ECDF83 /* UIColor+Extend.h */,
				250CCD2121D488F500ECDF83 /* DeviceUtils.h */,
			);
			path = Utils;
			sourceTree = "<group>";
		};
		250CCD2221D488F500ECDF83 /* Models */ = {
			isa = PBXGroup;
			children = (
				250CCD2321D488F500ECDF83 /* MCSocialPlatformDto.h */,
				250CCD2421D488F500ECDF83 /* MCShareDto.h */,
				250CCD2521D488F500ECDF83 /* MCSocialPlatformDto.m */,
				250CCD2621D488F500ECDF83 /* MCShareDto.m */,
			);
			path = Models;
			sourceTree = "<group>";
		};
		250CCD2B21D488F500ECDF83 /* Views */ = {
			isa = PBXGroup;
			children = (
				250CCD2C21D488F500ECDF83 /* MCShareCell.m */,
				250CCD2D21D488F500ECDF83 /* MCShareCell.h */,
			);
			path = Views;
			sourceTree = "<group>";
		};
		250CCD3021D488F500ECDF83 /* Vender */ = {
			isa = PBXGroup;
			children = (
				250CCD3121D488F500ECDF83 /* Toast */,
			);
			path = Vender;
			sourceTree = "<group>";
		};
		250CCD3121D488F500ECDF83 /* Toast */ = {
			isa = PBXGroup;
			children = (
				250CCD3221D488F500ECDF83 /* ToastUtils.h */,
				250CCD3321D488F500ECDF83 /* UIView+Toast.h */,
				250CCD3421D488F500ECDF83 /* ToastUtils.m */,
				250CCD3521D488F500ECDF83 /* UIView+Toast.m */,
			);
			path = Toast;
			sourceTree = "<group>";
		};
		25AA032C21A41CD10009A1D9 = {
			isa = PBXGroup;
			children = (
				250CCD5E21D4890500ECDF83 /* README.md */,
				250CCD0A21D488F500ECDF83 /* SDK */,
				25AA033721A41CD10009A1D9 /* MCShare */,
				25AA033621A41CD10009A1D9 /* Products */,
				94C7CC65AA4AE4266966B51C /* Pods */,
				487283DFD7C182D97719891E /* Frameworks */,
				1A666F2139DA40B95AD357B5 /* MCShare.podspec */,
			);
			sourceTree = "<group>";
		};
		25AA033621A41CD10009A1D9 /* Products */ = {
			isa = PBXGroup;
			children = (
				25AA033521A41CD10009A1D9 /* MCShare.app */,
			);
			name = Products;
			sourceTree = "<group>";
		};
		25AA033721A41CD10009A1D9 /* MCShare */ = {
			isa = PBXGroup;
			children = (
				25AA033821A41CD10009A1D9 /* AppDelegate.h */,
				25AA033921A41CD10009A1D9 /* AppDelegate.m */,
				25AA033E21A41CD10009A1D9 /* Main.storyboard */,
				25AA034321A41CD40009A1D9 /* LaunchScreen.storyboard */,
				25AA034621A41CD40009A1D9 /* Info.plist */,
				25AA034721A41CD40009A1D9 /* main.m */,
				1A6665EF6F189D8901F78AF2 /* Demo */,
				1A666D354F7846FAA82C300A /* Source */,
			);
			path = MCShare;
			sourceTree = "<group>";
		};
		487283DFD7C182D97719891E /* Frameworks */ = {
			isa = PBXGroup;
			children = (
				65C70A28D74463BC6A068300 /* libPods-MCShare.a */,
			);
			name = Frameworks;
			sourceTree = "<group>";
		};
		94C7CC65AA4AE4266966B51C /* Pods */ = {
			isa = PBXGroup;
			children = (
				F106022A4B5AF4208E12CF7B /* Pods-MCShare.debug.xcconfig */,
				F4759F2888BE5ABC76D2044B /* Pods-MCShare.release.xcconfig */,
			);
			name = Pods;
			sourceTree = "<group>";
		};
/* End PBXGroup section */

/* Begin PBXNativeTarget section */
		25AA033421A41CD10009A1D9 /* MCShare */ = {
			isa = PBXNativeTarget;
			buildConfigurationList = 25AA034B21A41CD40009A1D9 /* Build configuration list for PBXNativeTarget "MCShare" */;
			buildPhases = (
				A15776364F06E1331C34EBA5 /* [CP] Check Pods Manifest.lock */,
				25AA033121A41CD10009A1D9 /* Sources */,
				25AA033221A41CD10009A1D9 /* Frameworks */,
				25AA033321A41CD10009A1D9 /* Resources */,
				E07990FE71A549DC8E7BABA3 /* [CP] Copy Pods Resources */,
			);
			buildRules = (
			);
			dependencies = (
			);
			name = MCShare;
			productName = MCShare;
			productReference = 25AA033521A41CD10009A1D9 /* MCShare.app */;
			productType = "com.apple.product-type.application";
		};
/* End PBXNativeTarget section */

/* Begin PBXProject section */
		25AA032D21A41CD10009A1D9 /* Project object */ = {
			isa = PBXProject;
			attributes = {
				LastUpgradeCheck = 1010;
				ORGANIZATIONNAME = majiancheng;
				TargetAttributes = {
					25AA033421A41CD10009A1D9 = {
						CreatedOnToolsVersion = 10.1;
					};
				};
			};
			buildConfigurationList = 25AA033021A41CD10009A1D9 /* Build configuration list for PBXProject "MCShare" */;
			compatibilityVersion = "Xcode 9.3";
			developmentRegion = en;
			hasScannedForEncodings = 0;
			knownRegions = (
				en,
				Base,
			);
			mainGroup = 25AA032C21A41CD10009A1D9;
			productRefGroup = 25AA033621A41CD10009A1D9 /* Products */;
			projectDirPath = "";
			projectRoot = "";
			targets = (
				25AA033421A41CD10009A1D9 /* MCShare */,
			);
		};
/* End PBXProject section */

/* Begin PBXResourcesBuildPhase section */
		25AA033321A41CD10009A1D9 /* Resources */ = {
			isa = PBXResourcesBuildPhase;
			buildActionMask = 2147483647;
			files = (
				25AA034521A41CD40009A1D9 /* LaunchScreen.storyboard in Resources */,
				25AA034021A41CD10009A1D9 /* Main.storyboard in Resources */,
				255F70A421C78E850059A14C /* think.jpg in Resources */,
				255F70A321C78E850059A14C /* media.mp4 in Resources */,
				1A666C8B6BFC18FF24476776 /* Assets.xcassets in Resources */,
				1A6665F2827623D7F61DED00 /* SharePlatform.json in Resources */,
				250CCD5F21D4890500ECDF83 /* README.md in Resources */,
				1A6668C3C2AF9A0D668687E7 /* DynamicHost.json in Resources */,
				1A6667B4BEF4C4ACCA2E61F5 /* CustomColor.json in Resources */,
			);
			runOnlyForDeploymentPostprocessing = 0;
		};
/* End PBXResourcesBuildPhase section */

/* Begin PBXShellScriptBuildPhase section */
		A15776364F06E1331C34EBA5 /* [CP] Check Pods Manifest.lock */ = {
			isa = PBXShellScriptBuildPhase;
			buildActionMask = 2147483647;
			files = (
			);
			inputPaths = (
				"${PODS_PODFILE_DIR_PATH}/Podfile.lock",
				"${PODS_ROOT}/Manifest.lock",
			);
			name = "[CP] Check Pods Manifest.lock";
			outputPaths = (
				"$(DERIVED_FILE_DIR)/Pods-MCShare-checkManifestLockResult.txt",
			);
			runOnlyForDeploymentPostprocessing = 0;
			shellPath = /bin/sh;
			shellScript = "diff \"${PODS_PODFILE_DIR_PATH}/Podfile.lock\" \"${PODS_ROOT}/Manifest.lock\" > /dev/null\nif [ $? != 0 ] ; then\n    # print error to STDERR\n    echo \"error: The sandbox is not in sync with the Podfile.lock. Run 'pod install' or update your CocoaPods installation.\" >&2\n    exit 1\nfi\n# This output is used by Xcode 'outputs' to avoid re-running this script phase.\necho \"SUCCESS\" > \"${SCRIPT_OUTPUT_FILE_0}\"\n";
			showEnvVarsInLog = 0;
		};
		E07990FE71A549DC8E7BABA3 /* [CP] Copy Pods Resources */ = {
			isa = PBXShellScriptBuildPhase;
			buildActionMask = 2147483647;
			files = (
			);
			inputPaths = (
				"${PODS_ROOT}/Target Support Files/Pods-MCShare/Pods-MCShare-resources.sh",
				"${PODS_ROOT}/AlipaySDK-iOS/AlipaySDK.bundle",
				"${PODS_ROOT}/Weibo_SDK/libWeiboSDK/WeiboSDK.bundle",
			);
			name = "[CP] Copy Pods Resources";
			outputPaths = (
				"${TARGET_BUILD_DIR}/${UNLOCALIZED_RESOURCES_FOLDER_PATH}/AlipaySDK.bundle",
				"${TARGET_BUILD_DIR}/${UNLOCALIZED_RESOURCES_FOLDER_PATH}/WeiboSDK.bundle",
			);
			runOnlyForDeploymentPostprocessing = 0;
			shellPath = /bin/sh;
			shellScript = "\"${PODS_ROOT}/Target Support Files/Pods-MCShare/Pods-MCShare-resources.sh\"\n";
			showEnvVarsInLog = 0;
		};
/* End PBXShellScriptBuildPhase section */

/* Begin PBXSourcesBuildPhase section */
		25AA033121A41CD10009A1D9 /* Sources */ = {
			isa = PBXSourcesBuildPhase;
			buildActionMask = 2147483647;
			files = (
				250CCD4F21D488F500ECDF83 /* StringUtils.m in Sources */,
				250CCD4E21D488F500ECDF83 /* NSString+URLEncoded.m in Sources */,
				25AA034821A41CD40009A1D9 /* main.m in Sources */,
				250CCD5421D488F500ECDF83 /* MCShareCell.m in Sources */,
				250CCD5021D488F500ECDF83 /* MCSocialPlatformDto.m in Sources */,
				250CCD4621D488F500ECDF83 /* MCShareConfig.m in Sources */,
				250CCD4921D488F500ECDF83 /* UIButton+BackgroundColor.m in Sources */,
				250CCD5621D488F500ECDF83 /* UIView+Toast.m in Sources */,
				25AA033A21A41CD10009A1D9 /* AppDelegate.m in Sources */,
				1A66640D48865CA066E05759 /* ShareListController.m in Sources */,
				250CCD5D21D488F500ECDF83 /* MCSharePopView.m in Sources */,
				250CCD4821D488F500ECDF83 /* MCSocialModule.m in Sources */,
				1A6661D83ECCD26474C05464 /* ShareListDataVM.m in Sources */,
				250CCD5121D488F500ECDF83 /* MCShareDto.m in Sources */,
				1A6662B7730A0463C4DDB09F /* ShareItem.m in Sources */,
				250CCD4C21D488F500ECDF83 /* DeviceUtils.m in Sources */,
				1A666EFFF8E19F6A401307C1 /* RootTableController.m in Sources */,
				250CCD5321D488F500ECDF83 /* MCLoginHelper.m in Sources */,
				1A666343FA04BD8EEDE1C252 /* CateDto.m in Sources */,
				250CCD4A21D488F500ECDF83 /* UIView+Extend.m in Sources */,
				1A66677E1876008ED43A4E9C /* RootDataVM.m in Sources */,
				250CCD5521D488F500ECDF83 /* ToastUtils.m in Sources */,
				250CCD4D21D488F500ECDF83 /* UIColor+Extend.m in Sources */,
				250CCD4521D488F500ECDF83 /* NSObject+ShareApi.m in Sources */,
				250CCD4721D488F500ECDF83 /* MCShareDataVM.m in Sources */,
				250CCD5221D488F500ECDF83 /* MCShareHelper.m in Sources */,
			);
			runOnlyForDeploymentPostprocessing = 0;
		};
/* End PBXSourcesBuildPhase section */

/* Begin PBXVariantGroup section */
		25AA033E21A41CD10009A1D9 /* Main.storyboard */ = {
			isa = PBXVariantGroup;
			children = (
				25AA033F21A41CD10009A1D9 /* Base */,
			);
			name = Main.storyboard;
			sourceTree = "<group>";
		};
		25AA034321A41CD40009A1D9 /* LaunchScreen.storyboard */ = {
			isa = PBXVariantGroup;
			children = (
				25AA034421A41CD40009A1D9 /* Base */,
			);
			name = LaunchScreen.storyboard;
			sourceTree = "<group>";
		};
/* End PBXVariantGroup section */

/* Begin XCBuildConfiguration section */
		25AA034921A41CD40009A1D9 /* Debug */ = {
			isa = XCBuildConfiguration;
			buildSettings = {
				ALWAYS_SEARCH_USER_PATHS = NO;
				CLANG_ANALYZER_NONNULL = YES;
				CLANG_ANALYZER_NUMBER_OBJECT_CONVERSION = YES_AGGRESSIVE;
				CLANG_CXX_LANGUAGE_STANDARD = "gnu++14";
				CLANG_CXX_LIBRARY = "libc++";
				CLANG_ENABLE_MODULES = YES;
				CLANG_ENABLE_OBJC_ARC = YES;
				CLANG_ENABLE_OBJC_WEAK = YES;
				CLANG_WARN_BLOCK_CAPTURE_AUTORELEASING = YES;
				CLANG_WARN_BOOL_CONVERSION = YES;
				CLANG_WARN_COMMA = YES;
				CLANG_WARN_CONSTANT_CONVERSION = YES;
				CLANG_WARN_DEPRECATED_OBJC_IMPLEMENTATIONS = YES;
				CLANG_WARN_DIRECT_OBJC_ISA_USAGE = YES_ERROR;
				CLANG_WARN_DOCUMENTATION_COMMENTS = YES;
				CLANG_WARN_EMPTY_BODY = YES;
				CLANG_WARN_ENUM_CONVERSION = YES;
				CLANG_WARN_INFINITE_RECURSION = YES;
				CLANG_WARN_INT_CONVERSION = YES;
				CLANG_WARN_NON_LITERAL_NULL_CONVERSION = YES;
				CLANG_WARN_OBJC_IMPLICIT_RETAIN_SELF = YES;
				CLANG_WARN_OBJC_LITERAL_CONVERSION = YES;
				CLANG_WARN_OBJC_ROOT_CLASS = YES_ERROR;
				CLANG_WARN_RANGE_LOOP_ANALYSIS = YES;
				CLANG_WARN_STRICT_PROTOTYPES = YES;
				CLANG_WARN_SUSPICIOUS_MOVE = YES;
				CLANG_WARN_UNGUARDED_AVAILABILITY = YES_AGGRESSIVE;
				CLANG_WARN_UNREACHABLE_CODE = YES;
				CLANG_WARN__DUPLICATE_METHOD_MATCH = YES;
				CODE_SIGN_IDENTITY = "iPhone Developer";
				COPY_PHASE_STRIP = NO;
				DEBUG_INFORMATION_FORMAT = dwarf;
				ENABLE_STRICT_OBJC_MSGSEND = YES;
				ENABLE_TESTABILITY = YES;
				GCC_C_LANGUAGE_STANDARD = gnu11;
				GCC_DYNAMIC_NO_PIC = NO;
				GCC_NO_COMMON_BLOCKS = YES;
				GCC_OPTIMIZATION_LEVEL = 0;
				GCC_PREPROCESSOR_DEFINITIONS = (
					"DEBUG=1",
					"$(inherited)",
				);
				GCC_WARN_64_TO_32_BIT_CONVERSION = YES;
				GCC_WARN_ABOUT_RETURN_TYPE = YES_ERROR;
				GCC_WARN_UNDECLARED_SELECTOR = YES;
				GCC_WARN_UNINITIALIZED_AUTOS = YES_AGGRESSIVE;
				GCC_WARN_UNUSED_FUNCTION = YES;
				GCC_WARN_UNUSED_VARIABLE = YES;
				IPHONEOS_DEPLOYMENT_TARGET = 9.0;
				MTL_ENABLE_DEBUG_INFO = INCLUDE_SOURCE;
				MTL_FAST_MATH = YES;
				ONLY_ACTIVE_ARCH = YES;
				SDKROOT = iphoneos;
			};
			name = Debug;
		};
		25AA034A21A41CD40009A1D9 /* Release */ = {
			isa = XCBuildConfiguration;
			buildSettings = {
				ALWAYS_SEARCH_USER_PATHS = NO;
				CLANG_ANALYZER_NONNULL = YES;
				CLANG_ANALYZER_NUMBER_OBJECT_CONVERSION = YES_AGGRESSIVE;
				CLANG_CXX_LANGUAGE_STANDARD = "gnu++14";
				CLANG_CXX_LIBRARY = "libc++";
				CLANG_ENABLE_MODULES = YES;
				CLANG_ENABLE_OBJC_ARC = YES;
				CLANG_ENABLE_OBJC_WEAK = YES;
				CLANG_WARN_BLOCK_CAPTURE_AUTORELEASING = YES;
				CLANG_WARN_BOOL_CONVERSION = YES;
				CLANG_WARN_COMMA = YES;
				CLANG_WARN_CONSTANT_CONVERSION = YES;
				CLANG_WARN_DEPRECATED_OBJC_IMPLEMENTATIONS = YES;
				CLANG_WARN_DIRECT_OBJC_ISA_USAGE = YES_ERROR;
				CLANG_WARN_DOCUMENTATION_COMMENTS = YES;
				CLANG_WARN_EMPTY_BODY = YES;
				CLANG_WARN_ENUM_CONVERSION = YES;
				CLANG_WARN_INFINITE_RECURSION = YES;
				CLANG_WARN_INT_CONVERSION = YES;
				CLANG_WARN_NON_LITERAL_NULL_CONVERSION = YES;
				CLANG_WARN_OBJC_IMPLICIT_RETAIN_SELF = YES;
				CLANG_WARN_OBJC_LITERAL_CONVERSION = YES;
				CLANG_WARN_OBJC_ROOT_CLASS = YES_ERROR;
				CLANG_WARN_RANGE_LOOP_ANALYSIS = YES;
				CLANG_WARN_STRICT_PROTOTYPES = YES;
				CLANG_WARN_SUSPICIOUS_MOVE = YES;
				CLANG_WARN_UNGUARDED_AVAILABILITY = YES_AGGRESSIVE;
				CLANG_WARN_UNREACHABLE_CODE = YES;
				CLANG_WARN__DUPLICATE_METHOD_MATCH = YES;
				CODE_SIGN_IDENTITY = "iPhone Developer";
				COPY_PHASE_STRIP = NO;
				DEBUG_INFORMATION_FORMAT = "dwarf-with-dsym";
				ENABLE_NS_ASSERTIONS = NO;
				ENABLE_STRICT_OBJC_MSGSEND = YES;
				GCC_C_LANGUAGE_STANDARD = gnu11;
				GCC_NO_COMMON_BLOCKS = YES;
				GCC_WARN_64_TO_32_BIT_CONVERSION = YES;
				GCC_WARN_ABOUT_RETURN_TYPE = YES_ERROR;
				GCC_WARN_UNDECLARED_SELECTOR = YES;
				GCC_WARN_UNINITIALIZED_AUTOS = YES_AGGRESSIVE;
				GCC_WARN_UNUSED_FUNCTION = YES;
				GCC_WARN_UNUSED_VARIABLE = YES;
				IPHONEOS_DEPLOYMENT_TARGET = 9.0;
				MTL_ENABLE_DEBUG_INFO = NO;
				MTL_FAST_MATH = YES;
				SDKROOT = iphoneos;
				VALIDATE_PRODUCT = YES;
			};
			name = Release;
		};
		25AA034C21A41CD40009A1D9 /* Debug */ = {
			isa = XCBuildConfiguration;
			baseConfigurationReference = F106022A4B5AF4208E12CF7B /* Pods-MCShare.debug.xcconfig */;
			buildSettings = {
				ASSETCATALOG_COMPILER_APPICON_NAME = AppIcon;
				CODE_SIGN_IDENTITY = "iPhone Developer";
				CODE_SIGN_STYLE = Manual;
				DEVELOPMENT_TEAM = ZZRVMAY782;
				ENABLE_BITCODE = NO;
				INFOPLIST_FILE = MCShare/Info.plist;
				IPHONEOS_DEPLOYMENT_TARGET = 9.0;
				LD_RUNPATH_SEARCH_PATHS = (
					"$(inherited)",
					"@executable_path/Frameworks",
				);
				PRODUCT_BUNDLE_IDENTIFIER = com.laiwang.DTShareKit;
				PRODUCT_NAME = "$(TARGET_NAME)";
				PROVISIONING_PROFILE_SPECIFIER = "*";
				TARGETED_DEVICE_FAMILY = "1,2";
				USER_HEADER_SEARCH_PATHS = "\"${PROJECT_DIR}/Pods\"/**";
			};
			name = Debug;
		};
		25AA034D21A41CD40009A1D9 /* Release */ = {
			isa = XCBuildConfiguration;
			baseConfigurationReference = F4759F2888BE5ABC76D2044B /* Pods-MCShare.release.xcconfig */;
			buildSettings = {
				ASSETCATALOG_COMPILER_APPICON_NAME = AppIcon;
				CODE_SIGN_IDENTITY = "iPhone Developer";
				CODE_SIGN_STYLE = Manual;
				DEVELOPMENT_TEAM = "";
				ENABLE_BITCODE = NO;
				INFOPLIST_FILE = MCShare/Info.plist;
				IPHONEOS_DEPLOYMENT_TARGET = 9.0;
				LD_RUNPATH_SEARCH_PATHS = (
					"$(inherited)",
					"@executable_path/Frameworks",
				);
				PRODUCT_BUNDLE_IDENTIFIER = com.laiwang.DTShareKit;
				PRODUCT_NAME = "$(TARGET_NAME)";
				PROVISIONING_PROFILE_SPECIFIER = "";
				TARGETED_DEVICE_FAMILY = "1,2";
				USER_HEADER_SEARCH_PATHS = "\"${PROJECT_DIR}/Pods\"/**";
			};
			name = Release;
		};
/* End XCBuildConfiguration section */

/* Begin XCConfigurationList section */
		25AA033021A41CD10009A1D9 /* Build configuration list for PBXProject "MCShare" */ = {
			isa = XCConfigurationList;
			buildConfigurations = (
				25AA034921A41CD40009A1D9 /* Debug */,
				25AA034A21A41CD40009A1D9 /* Release */,
			);
			defaultConfigurationIsVisible = 0;
			defaultConfigurationName = Release;
		};
		25AA034B21A41CD40009A1D9 /* Build configuration list for PBXNativeTarget "MCShare" */ = {
			isa = XCConfigurationList;
			buildConfigurations = (
				25AA034C21A41CD40009A1D9 /* Debug */,
				25AA034D21A41CD40009A1D9 /* Release */,
			);
			defaultConfigurationIsVisible = 0;
			defaultConfigurationName = Release;
		};
/* End XCConfigurationList section */
	};
	rootObject = 25AA032D21A41CD10009A1D9 /* Project object */;
}
