// !$*UTF8*$!
{
	archiveVersion = 1;
	classes = {
	};
	objectVersion = 50;
	objects = {

/* Begin PBXBuildFile section */
		1A66600DE2C9B67202516CA2 /* GCDQueue.m in Sources */ = {isa = PBXBuildFile; fileRef = 1A66698ED0A631B1EBB7BC83 /* GCDQueue.m */; };
		1A66608E25E063ED6120B4AB /* DeviceUtils.m in Sources */ = {isa = PBXBuildFile; fileRef = 1A6667EB3DEAC1C2A5112199 /* DeviceUtils.m */; };
		1A6661003CBB7615C91C89CB /* ToastUtils.m in Sources */ = {isa = PBXBuildFile; fileRef = 1A66647FC63518DA2BE2EF02 /* ToastUtils.m */; };
		1A6662DA808990AA33595377 /* SocialShareDataVM.m in Sources */ = {isa = PBXBuildFile; fileRef = 1A666E92A03E2B117884FA3D /* SocialShareDataVM.m */; };
		1A66631E781C4AF92F98E6A9 /* SharePlatform.json in Resources */ = {isa = PBXBuildFile; fileRef = 1A666027DFE98510D564C20E /* SharePlatform.json */; };
		1A66632DA43D9694DB787EC8 /* ShareDto.m in Sources */ = {isa = PBXBuildFile; fileRef = 1A66621BA0339C2415510E3F /* ShareDto.m */; };
		1A6663C9CE3CA86EC2DAEA20 /* SocialSharePopView.m in Sources */ = {isa = PBXBuildFile; fileRef = 1A666FA99D4B9C00269C319D /* SocialSharePopView.m */; };
		1A66652C32913377598232C0 /* SocialModule.m in Sources */ = {isa = PBXBuildFile; fileRef = 1A6663A43E5BD20AB1D84756 /* SocialModule.m */; };
		1A666588D545D1A2C9996952 /* GCDTimer.m in Sources */ = {isa = PBXBuildFile; fileRef = 1A6669FEAF4A8B34BD55E9B4 /* GCDTimer.m */; };
		1A666640484CF78636273A94 /* UIColor+Extend.m in Sources */ = {isa = PBXBuildFile; fileRef = 1A666A38DE7E89EB6031955E /* UIColor+Extend.m */; };
		1A6666BACCE4053D2D1AE22A /* UIButton+BackgroundColor.m in Sources */ = {isa = PBXBuildFile; fileRef = 1A666157DF24EAF5AF2E1BEC /* UIButton+BackgroundColor.m */; };
		1A6666F8162BA39A0C43CC21 /* ShareHelper.m in Sources */ = {isa = PBXBuildFile; fileRef = 1A66638919149BF3EF3E0038 /* ShareHelper.m */; };
		1A66670219578F418427543F /* SocialShareHelper.m in Sources */ = {isa = PBXBuildFile; fileRef = 1A66682B417CEFB3C94A7B23 /* SocialShareHelper.m */; };
		1A66680C2FE79FB37DD2650D /* NSString+URLEncoded.m in Sources */ = {isa = PBXBuildFile; fileRef = 1A666848C14516CB9755BC54 /* NSString+URLEncoded.m */; };
		1A66686FC29194F00A42220C /* NSObject+ShareApi.m in Sources */ = {isa = PBXBuildFile; fileRef = 1A66681EAB9615C6AFF685EB /* NSObject+ShareApi.m */; };
		1A666879AAE2185B202CF0ED /* Dto.m in Sources */ = {isa = PBXBuildFile; fileRef = 1A666FD02D8DBC01CD145267 /* Dto.m */; };
		1A66695C53F65FBE11C222CA /* GCDGroup.m in Sources */ = {isa = PBXBuildFile; fileRef = 1A6665EE583B64B197805255 /* GCDGroup.m */; };
		1A666A135D1090D43330B960 /* SocialPlatformDto.m in Sources */ = {isa = PBXBuildFile; fileRef = 1A66604CA8B917A8CB6F04C8 /* SocialPlatformDto.m */; };
		1A666B52DB27C21AC3EB7EBF /* UIView+Toast.m in Sources */ = {isa = PBXBuildFile; fileRef = 1A66647B84BF9BE9F94EEBA7 /* UIView+Toast.m */; };
		1A666B9F4F6183C9C13775E3 /* SocialShareCell.m in Sources */ = {isa = PBXBuildFile; fileRef = 1A666F85FB3AC8F8A4A6E75C /* SocialShareCell.m */; };
		1A666DEFB9ECC155E372A0DD /* GCDSemaphore.m in Sources */ = {isa = PBXBuildFile; fileRef = 1A666307DFED1C2142919469 /* GCDSemaphore.m */; };
		1A666E4B9873C80820EB065D /* SocialShareConfig.m in Sources */ = {isa = PBXBuildFile; fileRef = 1A6668A10614323749691F2B /* SocialShareConfig.m */; };
		1A666E8BE3D1FE3BADB0FCC9 /* StringUtils.m in Sources */ = {isa = PBXBuildFile; fileRef = 1A666304CFA4AF73FC98AF18 /* StringUtils.m */; };
		1A666F0864552B8F8CA86A21 /* GCDReTimer.m in Sources */ = {isa = PBXBuildFile; fileRef = 1A666D386A6BB3C5E03C7323 /* GCDReTimer.m */; };
		1A666F3C10E32A95D86F76F2 /* GCDUtils.m in Sources */ = {isa = PBXBuildFile; fileRef = 1A666C4C33C80D4A533F0E37 /* GCDUtils.m */; };
		1A666FC8AB4DD4945D003790 /* AppColor.m in Sources */ = {isa = PBXBuildFile; fileRef = 1A666B2823DA1E1EEC5F946F /* AppColor.m */; };
		1A666FE6A022C59A2DDC6989 /* SocialLoginHelper.m in Sources */ = {isa = PBXBuildFile; fileRef = 1A666AE7E4C71511C819A8DF /* SocialLoginHelper.m */; };
		25AA033A21A41CD10009A1D9 /* AppDelegate.m in Sources */ = {isa = PBXBuildFile; fileRef = 25AA033921A41CD10009A1D9 /* AppDelegate.m */; };
		25AA033D21A41CD10009A1D9 /* ViewController.m in Sources */ = {isa = PBXBuildFile; fileRef = 25AA033C21A41CD10009A1D9 /* ViewController.m */; };
		25AA034021A41CD10009A1D9 /* Main.storyboard in Resources */ = {isa = PBXBuildFile; fileRef = 25AA033E21A41CD10009A1D9 /* Main.storyboard */; };
		25AA034221A41CD40009A1D9 /* Assets.xcassets in Resources */ = {isa = PBXBuildFile; fileRef = 25AA034121A41CD40009A1D9 /* Assets.xcassets */; };
		25AA034521A41CD40009A1D9 /* LaunchScreen.storyboard in Resources */ = {isa = PBXBuildFile; fileRef = 25AA034321A41CD40009A1D9 /* LaunchScreen.storyboard */; };
		25AA034821A41CD40009A1D9 /* main.m in Sources */ = {isa = PBXBuildFile; fileRef = 25AA034721A41CD40009A1D9 /* main.m */; };
		9C497ACA887D1E667298E4BC /* libPods-MCShare.a in Frameworks */ = {isa = PBXBuildFile; fileRef = 65C70A28D74463BC6A068300 /* libPods-MCShare.a */; };
/* End PBXBuildFile section */

/* Begin PBXFileReference section */
		1A666027DFE98510D564C20E /* SharePlatform.json */ = {isa = PBXFileReference; fileEncoding = 4; lastKnownFileType = text.json; path = SharePlatform.json; sourceTree = "<group>"; };
		1A66604CA8B917A8CB6F04C8 /* SocialPlatformDto.m */ = {isa = PBXFileReference; fileEncoding = 4; lastKnownFileType = sourcecode.c.objc; path = SocialPlatformDto.m; sourceTree = "<group>"; };
		1A66610A2722D127BE7DF92E /* NSString+URLEncoded.h */ = {isa = PBXFileReference; fileEncoding = 4; lastKnownFileType = sourcecode.c.h; path = "NSString+URLEncoded.h"; sourceTree = "<group>"; };
		1A666157DF24EAF5AF2E1BEC /* UIButton+BackgroundColor.m */ = {isa = PBXFileReference; fileEncoding = 4; lastKnownFileType = sourcecode.c.objc; path = "UIButton+BackgroundColor.m"; sourceTree = "<group>"; };
		1A6661674ADE4ABB146C4F90 /* Dto.h */ = {isa = PBXFileReference; fileEncoding = 4; lastKnownFileType = sourcecode.c.h; path = Dto.h; sourceTree = "<group>"; };
		1A6661D18DCCE25273E2A61A /* GCD.h */ = {isa = PBXFileReference; fileEncoding = 4; lastKnownFileType = sourcecode.c.h; path = GCD.h; sourceTree = "<group>"; };
		1A66621BA0339C2415510E3F /* ShareDto.m */ = {isa = PBXFileReference; fileEncoding = 4; lastKnownFileType = sourcecode.c.objc; path = ShareDto.m; sourceTree = "<group>"; };
		1A66622B6255DAB4766904D8 /* AppColor.h */ = {isa = PBXFileReference; fileEncoding = 4; lastKnownFileType = sourcecode.c.h; path = AppColor.h; sourceTree = "<group>"; };
		1A666304CFA4AF73FC98AF18 /* StringUtils.m */ = {isa = PBXFileReference; fileEncoding = 4; lastKnownFileType = sourcecode.c.objc; path = StringUtils.m; sourceTree = "<group>"; };
		1A666307DFED1C2142919469 /* GCDSemaphore.m */ = {isa = PBXFileReference; fileEncoding = 4; lastKnownFileType = sourcecode.c.objc; path = GCDSemaphore.m; sourceTree = "<group>"; };
		1A66637F0B70DD4B22E0796D /* GCDSemaphore.h */ = {isa = PBXFileReference; fileEncoding = 4; lastKnownFileType = sourcecode.c.h; path = GCDSemaphore.h; sourceTree = "<group>"; };
		1A66638919149BF3EF3E0038 /* ShareHelper.m */ = {isa = PBXFileReference; fileEncoding = 4; lastKnownFileType = sourcecode.c.objc; path = ShareHelper.m; sourceTree = "<group>"; };
		1A66638D702E2A35173F310D /* SocialSharePopView.h */ = {isa = PBXFileReference; fileEncoding = 4; lastKnownFileType = sourcecode.c.h; path = SocialSharePopView.h; sourceTree = "<group>"; };
		1A6663A43E5BD20AB1D84756 /* SocialModule.m */ = {isa = PBXFileReference; fileEncoding = 4; lastKnownFileType = sourcecode.c.objc; path = SocialModule.m; sourceTree = "<group>"; };
		1A6663DC9DEDAAA45291E529 /* GCDTimer.h */ = {isa = PBXFileReference; fileEncoding = 4; lastKnownFileType = sourcecode.c.h; path = GCDTimer.h; sourceTree = "<group>"; };
		1A66640DA0EF6BC1E20F716A /* UIView+Toast.h */ = {isa = PBXFileReference; fileEncoding = 4; lastKnownFileType = sourcecode.c.h; path = "UIView+Toast.h"; sourceTree = "<group>"; };
		1A66647B84BF9BE9F94EEBA7 /* UIView+Toast.m */ = {isa = PBXFileReference; fileEncoding = 4; lastKnownFileType = sourcecode.c.objc; path = "UIView+Toast.m"; sourceTree = "<group>"; };
		1A66647FC63518DA2BE2EF02 /* ToastUtils.m */ = {isa = PBXFileReference; fileEncoding = 4; lastKnownFileType = sourcecode.c.objc; path = ToastUtils.m; sourceTree = "<group>"; };
		1A6665B94E07620999CD99A8 /* SocialShareDataVM.h */ = {isa = PBXFileReference; fileEncoding = 4; lastKnownFileType = sourcecode.c.h; path = SocialShareDataVM.h; sourceTree = "<group>"; };
		1A6665C38FF7C40D5CA201FD /* SocialShareConfig.h */ = {isa = PBXFileReference; fileEncoding = 4; lastKnownFileType = sourcecode.c.h; path = SocialShareConfig.h; sourceTree = "<group>"; };
		1A6665EE583B64B197805255 /* GCDGroup.m */ = {isa = PBXFileReference; fileEncoding = 4; lastKnownFileType = sourcecode.c.objc; path = GCDGroup.m; sourceTree = "<group>"; };
		1A6666800238FA320196EBE6 /* GCDReTimer.h */ = {isa = PBXFileReference; fileEncoding = 4; lastKnownFileType = sourcecode.c.h; path = GCDReTimer.h; sourceTree = "<group>"; };
		1A66678C97248E92491601F3 /* UIColor+Extend.h */ = {isa = PBXFileReference; fileEncoding = 4; lastKnownFileType = sourcecode.c.h; path = "UIColor+Extend.h"; sourceTree = "<group>"; };
		1A6667EB3DEAC1C2A5112199 /* DeviceUtils.m */ = {isa = PBXFileReference; fileEncoding = 4; lastKnownFileType = sourcecode.c.objc; path = DeviceUtils.m; sourceTree = "<group>"; };
		1A666810B8F9ACF4EFDD81F0 /* UIButton+BackgroundColor.h */ = {isa = PBXFileReference; fileEncoding = 4; lastKnownFileType = sourcecode.c.h; path = "UIButton+BackgroundColor.h"; sourceTree = "<group>"; };
		1A66681EAB9615C6AFF685EB /* NSObject+ShareApi.m */ = {isa = PBXFileReference; fileEncoding = 4; lastKnownFileType = sourcecode.c.objc; path = "NSObject+ShareApi.m"; sourceTree = "<group>"; };
		1A66682B417CEFB3C94A7B23 /* SocialShareHelper.m */ = {isa = PBXFileReference; fileEncoding = 4; lastKnownFileType = sourcecode.c.objc; path = SocialShareHelper.m; sourceTree = "<group>"; };
		1A666848C14516CB9755BC54 /* NSString+URLEncoded.m */ = {isa = PBXFileReference; fileEncoding = 4; lastKnownFileType = sourcecode.c.objc; path = "NSString+URLEncoded.m"; sourceTree = "<group>"; };
		1A6668A10614323749691F2B /* SocialShareConfig.m */ = {isa = PBXFileReference; fileEncoding = 4; lastKnownFileType = sourcecode.c.objc; path = SocialShareConfig.m; sourceTree = "<group>"; };
		1A6668A366AD41376F721B69 /* SocialModule.h */ = {isa = PBXFileReference; fileEncoding = 4; lastKnownFileType = sourcecode.c.h; path = SocialModule.h; sourceTree = "<group>"; };
		1A66697072B45AF5ED3378A3 /* ShareDto.h */ = {isa = PBXFileReference; fileEncoding = 4; lastKnownFileType = sourcecode.c.h; path = ShareDto.h; sourceTree = "<group>"; };
		1A66698ED0A631B1EBB7BC83 /* GCDQueue.m */ = {isa = PBXFileReference; fileEncoding = 4; lastKnownFileType = sourcecode.c.objc; path = GCDQueue.m; sourceTree = "<group>"; };
		1A6669FEAF4A8B34BD55E9B4 /* GCDTimer.m */ = {isa = PBXFileReference; fileEncoding = 4; lastKnownFileType = sourcecode.c.objc; path = GCDTimer.m; sourceTree = "<group>"; };
		1A666A38DE7E89EB6031955E /* UIColor+Extend.m */ = {isa = PBXFileReference; fileEncoding = 4; lastKnownFileType = sourcecode.c.objc; path = "UIColor+Extend.m"; sourceTree = "<group>"; };
		1A666AA49B7BC2CDFA8D95B9 /* ShareHelper.h */ = {isa = PBXFileReference; fileEncoding = 4; lastKnownFileType = sourcecode.c.h; path = ShareHelper.h; sourceTree = "<group>"; };
		1A666AE747E02B1EB627D330 /* SocialShareHelper.h */ = {isa = PBXFileReference; fileEncoding = 4; lastKnownFileType = sourcecode.c.h; path = SocialShareHelper.h; sourceTree = "<group>"; };
		1A666AE7E4C71511C819A8DF /* SocialLoginHelper.m */ = {isa = PBXFileReference; fileEncoding = 4; lastKnownFileType = sourcecode.c.objc; path = SocialLoginHelper.m; sourceTree = "<group>"; };
		1A666B2823DA1E1EEC5F946F /* AppColor.m */ = {isa = PBXFileReference; fileEncoding = 4; lastKnownFileType = sourcecode.c.objc; path = AppColor.m; sourceTree = "<group>"; };
		1A666BEBC6A52622CC5C0991 /* DeviceUtils.h */ = {isa = PBXFileReference; fileEncoding = 4; lastKnownFileType = sourcecode.c.h; path = DeviceUtils.h; sourceTree = "<group>"; };
		1A666C01BE9D0C1BB7F62362 /* SocialLoginHelper.h */ = {isa = PBXFileReference; fileEncoding = 4; lastKnownFileType = sourcecode.c.h; path = SocialLoginHelper.h; sourceTree = "<group>"; };
		1A666C4C33C80D4A533F0E37 /* GCDUtils.m */ = {isa = PBXFileReference; fileEncoding = 4; lastKnownFileType = sourcecode.c.objc; path = GCDUtils.m; sourceTree = "<group>"; };
		1A666C7747921628E3E9D184 /* SocialShareCell.h */ = {isa = PBXFileReference; fileEncoding = 4; lastKnownFileType = sourcecode.c.h; path = SocialShareCell.h; sourceTree = "<group>"; };
		1A666CDA1487F62D03B60569 /* GCDUtils.h */ = {isa = PBXFileReference; fileEncoding = 4; lastKnownFileType = sourcecode.c.h; path = GCDUtils.h; sourceTree = "<group>"; };
		1A666D386A6BB3C5E03C7323 /* GCDReTimer.m */ = {isa = PBXFileReference; fileEncoding = 4; lastKnownFileType = sourcecode.c.objc; path = GCDReTimer.m; sourceTree = "<group>"; };
		1A666DE9EF8315755663030E /* ToastUtils.h */ = {isa = PBXFileReference; fileEncoding = 4; lastKnownFileType = sourcecode.c.h; path = ToastUtils.h; sourceTree = "<group>"; };
		1A666DEA8AA2226939A3E8AC /* GCDQueue.h */ = {isa = PBXFileReference; fileEncoding = 4; lastKnownFileType = sourcecode.c.h; path = GCDQueue.h; sourceTree = "<group>"; };
		1A666E0608792E3770B98B35 /* NSObject+ShareApi.h */ = {isa = PBXFileReference; fileEncoding = 4; lastKnownFileType = sourcecode.c.h; path = "NSObject+ShareApi.h"; sourceTree = "<group>"; };
		1A666E0FA1E9D13C885AD848 /* GCDGroup.h */ = {isa = PBXFileReference; fileEncoding = 4; lastKnownFileType = sourcecode.c.h; path = GCDGroup.h; sourceTree = "<group>"; };
		1A666E2979EA524700147582 /* SocialPlatformDto.h */ = {isa = PBXFileReference; fileEncoding = 4; lastKnownFileType = sourcecode.c.h; path = SocialPlatformDto.h; sourceTree = "<group>"; };
		1A666E3A878D428A6DC0F326 /* StringUtils.h */ = {isa = PBXFileReference; fileEncoding = 4; lastKnownFileType = sourcecode.c.h; path = StringUtils.h; sourceTree = "<group>"; };
		1A666E92A03E2B117884FA3D /* SocialShareDataVM.m */ = {isa = PBXFileReference; fileEncoding = 4; lastKnownFileType = sourcecode.c.objc; path = SocialShareDataVM.m; sourceTree = "<group>"; };
		1A666F85FB3AC8F8A4A6E75C /* SocialShareCell.m */ = {isa = PBXFileReference; fileEncoding = 4; lastKnownFileType = sourcecode.c.objc; path = SocialShareCell.m; sourceTree = "<group>"; };
		1A666FA99D4B9C00269C319D /* SocialSharePopView.m */ = {isa = PBXFileReference; fileEncoding = 4; lastKnownFileType = sourcecode.c.objc; path = SocialSharePopView.m; sourceTree = "<group>"; };
		1A666FD02D8DBC01CD145267 /* Dto.m */ = {isa = PBXFileReference; fileEncoding = 4; lastKnownFileType = sourcecode.c.objc; path = Dto.m; sourceTree = "<group>"; };
		25AA033521A41CD10009A1D9 /* MCShare.app */ = {isa = PBXFileReference; explicitFileType = wrapper.application; includeInIndex = 0; path = MCShare.app; sourceTree = BUILT_PRODUCTS_DIR; };
		25AA033821A41CD10009A1D9 /* AppDelegate.h */ = {isa = PBXFileReference; lastKnownFileType = sourcecode.c.h; path = AppDelegate.h; sourceTree = "<group>"; };
		25AA033921A41CD10009A1D9 /* AppDelegate.m */ = {isa = PBXFileReference; lastKnownFileType = sourcecode.c.objc; path = AppDelegate.m; sourceTree = "<group>"; };
		25AA033B21A41CD10009A1D9 /* ViewController.h */ = {isa = PBXFileReference; lastKnownFileType = sourcecode.c.h; path = ViewController.h; sourceTree = "<group>"; };
		25AA033C21A41CD10009A1D9 /* ViewController.m */ = {isa = PBXFileReference; lastKnownFileType = sourcecode.c.objc; path = ViewController.m; sourceTree = "<group>"; };
		25AA033F21A41CD10009A1D9 /* Base */ = {isa = PBXFileReference; lastKnownFileType = file.storyboard; name = Base; path = Base.lproj/Main.storyboard; sourceTree = "<group>"; };
		25AA034121A41CD40009A1D9 /* Assets.xcassets */ = {isa = PBXFileReference; lastKnownFileType = folder.assetcatalog; path = Assets.xcassets; sourceTree = "<group>"; };
		25AA034421A41CD40009A1D9 /* Base */ = {isa = PBXFileReference; lastKnownFileType = file.storyboard; name = Base; path = Base.lproj/LaunchScreen.storyboard; sourceTree = "<group>"; };
		25AA034621A41CD40009A1D9 /* Info.plist */ = {isa = PBXFileReference; lastKnownFileType = text.plist.xml; path = Info.plist; sourceTree = "<group>"; };
		25AA034721A41CD40009A1D9 /* main.m */ = {isa = PBXFileReference; lastKnownFileType = sourcecode.c.objc; path = main.m; sourceTree = "<group>"; };
		65C70A28D74463BC6A068300 /* libPods-MCShare.a */ = {isa = PBXFileReference; explicitFileType = archive.ar; includeInIndex = 0; path = "libPods-MCShare.a"; sourceTree = BUILT_PRODUCTS_DIR; };
		F106022A4B5AF4208E12CF7B /* Pods-MCShare.debug.xcconfig */ = {isa = PBXFileReference; includeInIndex = 1; lastKnownFileType = text.xcconfig; name = "Pods-MCShare.debug.xcconfig"; path = "Pods/Target Support Files/Pods-MCShare/Pods-MCShare.debug.xcconfig"; sourceTree = "<group>"; };
		F4759F2888BE5ABC76D2044B /* Pods-MCShare.release.xcconfig */ = {isa = PBXFileReference; includeInIndex = 1; lastKnownFileType = text.xcconfig; name = "Pods-MCShare.release.xcconfig"; path = "Pods/Target Support Files/Pods-MCShare/Pods-MCShare.release.xcconfig"; sourceTree = "<group>"; };
/* End PBXFileReference section */

/* Begin PBXFrameworksBuildPhase section */
		25AA033221A41CD10009A1D9 /* Frameworks */ = {
			isa = PBXFrameworksBuildPhase;
			buildActionMask = 2147483647;
			files = (
				9C497ACA887D1E667298E4BC /* libPods-MCShare.a in Frameworks */,
			);
			runOnlyForDeploymentPostprocessing = 0;
		};
/* End PBXFrameworksBuildPhase section */

/* Begin PBXGroup section */
		1A66611141498544A5059D0A /* Toast */ = {
			isa = PBXGroup;
			children = (
				1A666DE9EF8315755663030E /* ToastUtils.h */,
				1A66647FC63518DA2BE2EF02 /* ToastUtils.m */,
				1A66640DA0EF6BC1E20F716A /* UIView+Toast.h */,
				1A66647B84BF9BE9F94EEBA7 /* UIView+Toast.m */,
			);
			path = Toast;
			sourceTree = "<group>";
		};
		1A66625F29DABCFCE8E0CF95 /* Views */ = {
			isa = PBXGroup;
			children = (
				1A666C7747921628E3E9D184 /* SocialShareCell.h */,
				1A666F85FB3AC8F8A4A6E75C /* SocialShareCell.m */,
			);
			path = Views;
			sourceTree = "<group>";
		};
		1A666491FE624C77BB19238D /* Source */ = {
			isa = PBXGroup;
			children = (
				1A666027DFE98510D564C20E /* SharePlatform.json */,
			);
			path = Source;
			sourceTree = "<group>";
		};
		1A66694ED1AE418080793E8A /* Utils */ = {
			isa = PBXGroup;
			children = (
				1A666B2823DA1E1EEC5F946F /* AppColor.m */,
				1A66622B6255DAB4766904D8 /* AppColor.h */,
				1A66610A2722D127BE7DF92E /* NSString+URLEncoded.h */,
				1A666848C14516CB9755BC54 /* NSString+URLEncoded.m */,
				1A66678C97248E92491601F3 /* UIColor+Extend.h */,
				1A666A38DE7E89EB6031955E /* UIColor+Extend.m */,
				1A666E3A878D428A6DC0F326 /* StringUtils.h */,
				1A666304CFA4AF73FC98AF18 /* StringUtils.m */,
				1A666810B8F9ACF4EFDD81F0 /* UIButton+BackgroundColor.h */,
				1A666157DF24EAF5AF2E1BEC /* UIButton+BackgroundColor.m */,
				1A666BEBC6A52622CC5C0991 /* DeviceUtils.h */,
				1A6667EB3DEAC1C2A5112199 /* DeviceUtils.m */,
			);
			path = Utils;
			sourceTree = "<group>";
		};
		1A666A0BFD01972C5F96ED68 /* Vender */ = {
			isa = PBXGroup;
			children = (
				1A666ED430C224B71D9B8AE7 /* GCD */,
				1A66611141498544A5059D0A /* Toast */,
			);
			path = Vender;
			sourceTree = "<group>";
		};
		1A666A8E7B00B9B88EA778D0 /* Models */ = {
			isa = PBXGroup;
			children = (
				1A66621BA0339C2415510E3F /* ShareDto.m */,
				1A66697072B45AF5ED3378A3 /* ShareDto.h */,
				1A666E2979EA524700147582 /* SocialPlatformDto.h */,
				1A66604CA8B917A8CB6F04C8 /* SocialPlatformDto.m */,
				1A6661674ADE4ABB146C4F90 /* Dto.h */,
				1A666FD02D8DBC01CD145267 /* Dto.m */,
			);
			path = Models;
			sourceTree = "<group>";
		};
		1A666E8D9CAAE985549EB353 /* Code */ = {
			isa = PBXGroup;
			children = (
				1A666E0608792E3770B98B35 /* NSObject+ShareApi.h */,
				1A66681EAB9615C6AFF685EB /* NSObject+ShareApi.m */,
				1A666AA49B7BC2CDFA8D95B9 /* ShareHelper.h */,
				1A66638919149BF3EF3E0038 /* ShareHelper.m */,
				1A666C01BE9D0C1BB7F62362 /* SocialLoginHelper.h */,
				1A666AE7E4C71511C819A8DF /* SocialLoginHelper.m */,
				1A6665C38FF7C40D5CA201FD /* SocialShareConfig.h */,
				1A6668A10614323749691F2B /* SocialShareConfig.m */,
				1A6665B94E07620999CD99A8 /* SocialShareDataVM.h */,
				1A666E92A03E2B117884FA3D /* SocialShareDataVM.m */,
				1A666AE747E02B1EB627D330 /* SocialShareHelper.h */,
				1A66682B417CEFB3C94A7B23 /* SocialShareHelper.m */,
				1A66638D702E2A35173F310D /* SocialSharePopView.h */,
				1A666FA99D4B9C00269C319D /* SocialSharePopView.m */,
				1A666A8E7B00B9B88EA778D0 /* Models */,
				1A66625F29DABCFCE8E0CF95 /* Views */,
				1A666491FE624C77BB19238D /* Source */,
				1A66694ED1AE418080793E8A /* Utils */,
				1A666A0BFD01972C5F96ED68 /* Vender */,
				1A6668A366AD41376F721B69 /* SocialModule.h */,
				1A6663A43E5BD20AB1D84756 /* SocialModule.m */,
			);
			path = Code;
			sourceTree = "<group>";
		};
		1A666ED430C224B71D9B8AE7 /* GCD */ = {
			isa = PBXGroup;
			children = (
				1A6661D18DCCE25273E2A61A /* GCD.h */,
				1A666E0FA1E9D13C885AD848 /* GCDGroup.h */,
				1A6665EE583B64B197805255 /* GCDGroup.m */,
				1A666DEA8AA2226939A3E8AC /* GCDQueue.h */,
				1A66698ED0A631B1EBB7BC83 /* GCDQueue.m */,
				1A6663DC9DEDAAA45291E529 /* GCDTimer.h */,
				1A6669FEAF4A8B34BD55E9B4 /* GCDTimer.m */,
				1A666CDA1487F62D03B60569 /* GCDUtils.h */,
				1A666C4C33C80D4A533F0E37 /* GCDUtils.m */,
				1A6666800238FA320196EBE6 /* GCDReTimer.h */,
				1A666D386A6BB3C5E03C7323 /* GCDReTimer.m */,
				1A66637F0B70DD4B22E0796D /* GCDSemaphore.h */,
				1A666307DFED1C2142919469 /* GCDSemaphore.m */,
			);
			path = GCD;
			sourceTree = "<group>";
		};
		25AA032C21A41CD10009A1D9 = {
			isa = PBXGroup;
			children = (
				25AA033721A41CD10009A1D9 /* MCShare */,
				25AA033621A41CD10009A1D9 /* Products */,
				94C7CC65AA4AE4266966B51C /* Pods */,
				487283DFD7C182D97719891E /* Frameworks */,
			);
			sourceTree = "<group>";
		};
		25AA033621A41CD10009A1D9 /* Products */ = {
			isa = PBXGroup;
			children = (
				25AA033521A41CD10009A1D9 /* MCShare.app */,
			);
			name = Products;
			sourceTree = "<group>";
		};
		25AA033721A41CD10009A1D9 /* MCShare */ = {
			isa = PBXGroup;
			children = (
				25AA033821A41CD10009A1D9 /* AppDelegate.h */,
				25AA033921A41CD10009A1D9 /* AppDelegate.m */,
				25AA033B21A41CD10009A1D9 /* ViewController.h */,
				25AA033C21A41CD10009A1D9 /* ViewController.m */,
				25AA033E21A41CD10009A1D9 /* Main.storyboard */,
				25AA034121A41CD40009A1D9 /* Assets.xcassets */,
				25AA034321A41CD40009A1D9 /* LaunchScreen.storyboard */,
				25AA034621A41CD40009A1D9 /* Info.plist */,
				25AA034721A41CD40009A1D9 /* main.m */,
				1A666E8D9CAAE985549EB353 /* Code */,
			);
			path = MCShare;
			sourceTree = "<group>";
		};
		487283DFD7C182D97719891E /* Frameworks */ = {
			isa = PBXGroup;
			children = (
				65C70A28D74463BC6A068300 /* libPods-MCShare.a */,
			);
			name = Frameworks;
			sourceTree = "<group>";
		};
		94C7CC65AA4AE4266966B51C /* Pods */ = {
			isa = PBXGroup;
			children = (
				F106022A4B5AF4208E12CF7B /* Pods-MCShare.debug.xcconfig */,
				F4759F2888BE5ABC76D2044B /* Pods-MCShare.release.xcconfig */,
			);
			name = Pods;
			sourceTree = "<group>";
		};
/* End PBXGroup section */

/* Begin PBXNativeTarget section */
		25AA033421A41CD10009A1D9 /* MCShare */ = {
			isa = PBXNativeTarget;
			buildConfigurationList = 25AA034B21A41CD40009A1D9 /* Build configuration list for PBXNativeTarget "MCShare" */;
			buildPhases = (
				A15776364F06E1331C34EBA5 /* [CP] Check Pods Manifest.lock */,
				25AA033121A41CD10009A1D9 /* Sources */,
				25AA033221A41CD10009A1D9 /* Frameworks */,
				25AA033321A41CD10009A1D9 /* Resources */,
				E07990FE71A549DC8E7BABA3 /* [CP] Copy Pods Resources */,
			);
			buildRules = (
			);
			dependencies = (
			);
			name = MCShare;
			productName = MCShare;
			productReference = 25AA033521A41CD10009A1D9 /* MCShare.app */;
			productType = "com.apple.product-type.application";
		};
/* End PBXNativeTarget section */

/* Begin PBXProject section */
		25AA032D21A41CD10009A1D9 /* Project object */ = {
			isa = PBXProject;
			attributes = {
				LastUpgradeCheck = 1010;
				ORGANIZATIONNAME = majiancheng;
				TargetAttributes = {
					25AA033421A41CD10009A1D9 = {
						CreatedOnToolsVersion = 10.1;
					};
				};
			};
			buildConfigurationList = 25AA033021A41CD10009A1D9 /* Build configuration list for PBXProject "MCShare" */;
			compatibilityVersion = "Xcode 9.3";
			developmentRegion = en;
			hasScannedForEncodings = 0;
			knownRegions = (
				en,
				Base,
			);
			mainGroup = 25AA032C21A41CD10009A1D9;
			productRefGroup = 25AA033621A41CD10009A1D9 /* Products */;
			projectDirPath = "";
			projectRoot = "";
			targets = (
				25AA033421A41CD10009A1D9 /* MCShare */,
			);
		};
/* End PBXProject section */

/* Begin PBXResourcesBuildPhase section */
		25AA033321A41CD10009A1D9 /* Resources */ = {
			isa = PBXResourcesBuildPhase;
			buildActionMask = 2147483647;
			files = (
				25AA034521A41CD40009A1D9 /* LaunchScreen.storyboard in Resources */,
				25AA034221A41CD40009A1D9 /* Assets.xcassets in Resources */,
				25AA034021A41CD10009A1D9 /* Main.storyboard in Resources */,
				1A66631E781C4AF92F98E6A9 /* SharePlatform.json in Resources */,
			);
			runOnlyForDeploymentPostprocessing = 0;
		};
/* End PBXResourcesBuildPhase section */

/* Begin PBXShellScriptBuildPhase section */
		A15776364F06E1331C34EBA5 /* [CP] Check Pods Manifest.lock */ = {
			isa = PBXShellScriptBuildPhase;
			buildActionMask = 2147483647;
			files = (
			);
			inputPaths = (
				"${PODS_PODFILE_DIR_PATH}/Podfile.lock",
				"${PODS_ROOT}/Manifest.lock",
			);
			name = "[CP] Check Pods Manifest.lock";
			outputPaths = (
				"$(DERIVED_FILE_DIR)/Pods-MCShare-checkManifestLockResult.txt",
			);
			runOnlyForDeploymentPostprocessing = 0;
			shellPath = /bin/sh;
			shellScript = "diff \"${PODS_PODFILE_DIR_PATH}/Podfile.lock\" \"${PODS_ROOT}/Manifest.lock\" > /dev/null\nif [ $? != 0 ] ; then\n    # print error to STDERR\n    echo \"error: The sandbox is not in sync with the Podfile.lock. Run 'pod install' or update your CocoaPods installation.\" >&2\n    exit 1\nfi\n# This output is used by Xcode 'outputs' to avoid re-running this script phase.\necho \"SUCCESS\" > \"${SCRIPT_OUTPUT_FILE_0}\"\n";
			showEnvVarsInLog = 0;
		};
		E07990FE71A549DC8E7BABA3 /* [CP] Copy Pods Resources */ = {
			isa = PBXShellScriptBuildPhase;
			buildActionMask = 2147483647;
			files = (
			);
			inputPaths = (
				"${SRCROOT}/Pods/Target Support Files/Pods-MCShare/Pods-MCShare-resources.sh",
				"${PODS_ROOT}/LDSDKManager/LDSDKManager/AlipayPlatform/AliSDK/AlipaySDK.bundle",
				"${PODS_ROOT}/LDSDKManager/LDSDKManager/CoreService/SDKServiceConfig.plist",
				"${PODS_ROOT}/LDSDKManager/LDSDKManager/QQPlatform/LDQQSDK/TencentOpenApi_IOS_Bundle.bundle",
				"${PODS_ROOT}/LDSDKManager/LDSDKManager/WeiboPlatform/libWeiboSDK/WeiboSDK.bundle",
			);
			name = "[CP] Copy Pods Resources";
			outputPaths = (
				"${TARGET_BUILD_DIR}/${UNLOCALIZED_RESOURCES_FOLDER_PATH}/AlipaySDK.bundle",
				"${TARGET_BUILD_DIR}/${UNLOCALIZED_RESOURCES_FOLDER_PATH}/SDKServiceConfig.plist",
				"${TARGET_BUILD_DIR}/${UNLOCALIZED_RESOURCES_FOLDER_PATH}/TencentOpenApi_IOS_Bundle.bundle",
				"${TARGET_BUILD_DIR}/${UNLOCALIZED_RESOURCES_FOLDER_PATH}/WeiboSDK.bundle",
			);
			runOnlyForDeploymentPostprocessing = 0;
			shellPath = /bin/sh;
			shellScript = "\"${SRCROOT}/Pods/Target Support Files/Pods-MCShare/Pods-MCShare-resources.sh\"\n";
			showEnvVarsInLog = 0;
		};
/* End PBXShellScriptBuildPhase section */

/* Begin PBXSourcesBuildPhase section */
		25AA033121A41CD10009A1D9 /* Sources */ = {
			isa = PBXSourcesBuildPhase;
			buildActionMask = 2147483647;
			files = (
				25AA033D21A41CD10009A1D9 /* ViewController.m in Sources */,
				25AA034821A41CD40009A1D9 /* main.m in Sources */,
				25AA033A21A41CD10009A1D9 /* AppDelegate.m in Sources */,
				1A66686FC29194F00A42220C /* NSObject+ShareApi.m in Sources */,
				1A6666F8162BA39A0C43CC21 /* ShareHelper.m in Sources */,
				1A666FE6A022C59A2DDC6989 /* SocialLoginHelper.m in Sources */,
				1A666E4B9873C80820EB065D /* SocialShareConfig.m in Sources */,
				1A6662DA808990AA33595377 /* SocialShareDataVM.m in Sources */,
				1A66670219578F418427543F /* SocialShareHelper.m in Sources */,
				1A6663C9CE3CA86EC2DAEA20 /* SocialSharePopView.m in Sources */,
				1A66632DA43D9694DB787EC8 /* ShareDto.m in Sources */,
				1A666A135D1090D43330B960 /* SocialPlatformDto.m in Sources */,
				1A666B9F4F6183C9C13775E3 /* SocialShareCell.m in Sources */,
				1A666FC8AB4DD4945D003790 /* AppColor.m in Sources */,
				1A66680C2FE79FB37DD2650D /* NSString+URLEncoded.m in Sources */,
				1A666640484CF78636273A94 /* UIColor+Extend.m in Sources */,
				1A66695C53F65FBE11C222CA /* GCDGroup.m in Sources */,
				1A66600DE2C9B67202516CA2 /* GCDQueue.m in Sources */,
				1A666588D545D1A2C9996952 /* GCDTimer.m in Sources */,
				1A666F3C10E32A95D86F76F2 /* GCDUtils.m in Sources */,
				1A666F0864552B8F8CA86A21 /* GCDReTimer.m in Sources */,
				1A666DEFB9ECC155E372A0DD /* GCDSemaphore.m in Sources */,
				1A6661003CBB7615C91C89CB /* ToastUtils.m in Sources */,
				1A666B52DB27C21AC3EB7EBF /* UIView+Toast.m in Sources */,
				1A666879AAE2185B202CF0ED /* Dto.m in Sources */,
				1A666E8BE3D1FE3BADB0FCC9 /* StringUtils.m in Sources */,
				1A6666BACCE4053D2D1AE22A /* UIButton+BackgroundColor.m in Sources */,
				1A66608E25E063ED6120B4AB /* DeviceUtils.m in Sources */,
				1A66652C32913377598232C0 /* SocialModule.m in Sources */,
			);
			runOnlyForDeploymentPostprocessing = 0;
		};
/* End PBXSourcesBuildPhase section */

/* Begin PBXVariantGroup section */
		25AA033E21A41CD10009A1D9 /* Main.storyboard */ = {
			isa = PBXVariantGroup;
			children = (
				25AA033F21A41CD10009A1D9 /* Base */,
			);
			name = Main.storyboard;
			sourceTree = "<group>";
		};
		25AA034321A41CD40009A1D9 /* LaunchScreen.storyboard */ = {
			isa = PBXVariantGroup;
			children = (
				25AA034421A41CD40009A1D9 /* Base */,
			);
			name = LaunchScreen.storyboard;
			sourceTree = "<group>";
		};
/* End PBXVariantGroup section */

/* Begin XCBuildConfiguration section */
		25AA034921A41CD40009A1D9 /* Debug */ = {
			isa = XCBuildConfiguration;
			buildSettings = {
				ALWAYS_SEARCH_USER_PATHS = NO;
				CLANG_ANALYZER_NONNULL = YES;
				CLANG_ANALYZER_NUMBER_OBJECT_CONVERSION = YES_AGGRESSIVE;
				CLANG_CXX_LANGUAGE_STANDARD = "gnu++14";
				CLANG_CXX_LIBRARY = "libc++";
				CLANG_ENABLE_MODULES = YES;
				CLANG_ENABLE_OBJC_ARC = YES;
				CLANG_ENABLE_OBJC_WEAK = YES;
				CLANG_WARN_BLOCK_CAPTURE_AUTORELEASING = YES;
				CLANG_WARN_BOOL_CONVERSION = YES;
				CLANG_WARN_COMMA = YES;
				CLANG_WARN_CONSTANT_CONVERSION = YES;
				CLANG_WARN_DEPRECATED_OBJC_IMPLEMENTATIONS = YES;
				CLANG_WARN_DIRECT_OBJC_ISA_USAGE = YES_ERROR;
				CLANG_WARN_DOCUMENTATION_COMMENTS = YES;
				CLANG_WARN_EMPTY_BODY = YES;
				CLANG_WARN_ENUM_CONVERSION = YES;
				CLANG_WARN_INFINITE_RECURSION = YES;
				CLANG_WARN_INT_CONVERSION = YES;
				CLANG_WARN_NON_LITERAL_NULL_CONVERSION = YES;
				CLANG_WARN_OBJC_IMPLICIT_RETAIN_SELF = YES;
				CLANG_WARN_OBJC_LITERAL_CONVERSION = YES;
				CLANG_WARN_OBJC_ROOT_CLASS = YES_ERROR;
				CLANG_WARN_RANGE_LOOP_ANALYSIS = YES;
				CLANG_WARN_STRICT_PROTOTYPES = YES;
				CLANG_WARN_SUSPICIOUS_MOVE = YES;
				CLANG_WARN_UNGUARDED_AVAILABILITY = YES_AGGRESSIVE;
				CLANG_WARN_UNREACHABLE_CODE = YES;
				CLANG_WARN__DUPLICATE_METHOD_MATCH = YES;
				CODE_SIGN_IDENTITY = "iPhone Developer";
				COPY_PHASE_STRIP = NO;
				DEBUG_INFORMATION_FORMAT = dwarf;
				ENABLE_STRICT_OBJC_MSGSEND = YES;
				ENABLE_TESTABILITY = YES;
				GCC_C_LANGUAGE_STANDARD = gnu11;
				GCC_DYNAMIC_NO_PIC = NO;
				GCC_NO_COMMON_BLOCKS = YES;
				GCC_OPTIMIZATION_LEVEL = 0;
				GCC_PREPROCESSOR_DEFINITIONS = (
					"DEBUG=1",
					"$(inherited)",
				);
				GCC_WARN_64_TO_32_BIT_CONVERSION = YES;
				GCC_WARN_ABOUT_RETURN_TYPE = YES_ERROR;
				GCC_WARN_UNDECLARED_SELECTOR = YES;
				GCC_WARN_UNINITIALIZED_AUTOS = YES_AGGRESSIVE;
				GCC_WARN_UNUSED_FUNCTION = YES;
				GCC_WARN_UNUSED_VARIABLE = YES;
				IPHONEOS_DEPLOYMENT_TARGET = 12.1;
				MTL_ENABLE_DEBUG_INFO = INCLUDE_SOURCE;
				MTL_FAST_MATH = YES;
				ONLY_ACTIVE_ARCH = YES;
				SDKROOT = iphoneos;
			};
			name = Debug;
		};
		25AA034A21A41CD40009A1D9 /* Release */ = {
			isa = XCBuildConfiguration;
			buildSettings = {
				ALWAYS_SEARCH_USER_PATHS = NO;
				CLANG_ANALYZER_NONNULL = YES;
				CLANG_ANALYZER_NUMBER_OBJECT_CONVERSION = YES_AGGRESSIVE;
				CLANG_CXX_LANGUAGE_STANDARD = "gnu++14";
				CLANG_CXX_LIBRARY = "libc++";
				CLANG_ENABLE_MODULES = YES;
				CLANG_ENABLE_OBJC_ARC = YES;
				CLANG_ENABLE_OBJC_WEAK = YES;
				CLANG_WARN_BLOCK_CAPTURE_AUTORELEASING = YES;
				CLANG_WARN_BOOL_CONVERSION = YES;
				CLANG_WARN_COMMA = YES;
				CLANG_WARN_CONSTANT_CONVERSION = YES;
				CLANG_WARN_DEPRECATED_OBJC_IMPLEMENTATIONS = YES;
				CLANG_WARN_DIRECT_OBJC_ISA_USAGE = YES_ERROR;
				CLANG_WARN_DOCUMENTATION_COMMENTS = YES;
				CLANG_WARN_EMPTY_BODY = YES;
				CLANG_WARN_ENUM_CONVERSION = YES;
				CLANG_WARN_INFINITE_RECURSION = YES;
				CLANG_WARN_INT_CONVERSION = YES;
				CLANG_WARN_NON_LITERAL_NULL_CONVERSION = YES;
				CLANG_WARN_OBJC_IMPLICIT_RETAIN_SELF = YES;
				CLANG_WARN_OBJC_LITERAL_CONVERSION = YES;
				CLANG_WARN_OBJC_ROOT_CLASS = YES_ERROR;
				CLANG_WARN_RANGE_LOOP_ANALYSIS = YES;
				CLANG_WARN_STRICT_PROTOTYPES = YES;
				CLANG_WARN_SUSPICIOUS_MOVE = YES;
				CLANG_WARN_UNGUARDED_AVAILABILITY = YES_AGGRESSIVE;
				CLANG_WARN_UNREACHABLE_CODE = YES;
				CLANG_WARN__DUPLICATE_METHOD_MATCH = YES;
				CODE_SIGN_IDENTITY = "iPhone Developer";
				COPY_PHASE_STRIP = NO;
				DEBUG_INFORMATION_FORMAT = "dwarf-with-dsym";
				ENABLE_NS_ASSERTIONS = NO;
				ENABLE_STRICT_OBJC_MSGSEND = YES;
				GCC_C_LANGUAGE_STANDARD = gnu11;
				GCC_NO_COMMON_BLOCKS = YES;
				GCC_WARN_64_TO_32_BIT_CONVERSION = YES;
				GCC_WARN_ABOUT_RETURN_TYPE = YES_ERROR;
				GCC_WARN_UNDECLARED_SELECTOR = YES;
				GCC_WARN_UNINITIALIZED_AUTOS = YES_AGGRESSIVE;
				GCC_WARN_UNUSED_FUNCTION = YES;
				GCC_WARN_UNUSED_VARIABLE = YES;
				IPHONEOS_DEPLOYMENT_TARGET = 12.1;
				MTL_ENABLE_DEBUG_INFO = NO;
				MTL_FAST_MATH = YES;
				SDKROOT = iphoneos;
				VALIDATE_PRODUCT = YES;
			};
			name = Release;
		};
		25AA034C21A41CD40009A1D9 /* Debug */ = {
			isa = XCBuildConfiguration;
			baseConfigurationReference = F106022A4B5AF4208E12CF7B /* Pods-MCShare.debug.xcconfig */;
			buildSettings = {
				ASSETCATALOG_COMPILER_APPICON_NAME = AppIcon;
				CODE_SIGN_STYLE = Automatic;
				DEVELOPMENT_TEAM = D8RJFY6RH2;
				INFOPLIST_FILE = MCShare/Info.plist;
				LD_RUNPATH_SEARCH_PATHS = (
					"$(inherited)",
					"@executable_path/Frameworks",
				);
				PRODUCT_BUNDLE_IDENTIFIER = com.poholo.MCShare;
				PRODUCT_NAME = "$(TARGET_NAME)";
				TARGETED_DEVICE_FAMILY = "1,2";
				USER_HEADER_SEARCH_PATHS = "\"${PROJECT_DIR}/Pods\"/**";
			};
			name = Debug;
		};
		25AA034D21A41CD40009A1D9 /* Release */ = {
			isa = XCBuildConfiguration;
			baseConfigurationReference = F4759F2888BE5ABC76D2044B /* Pods-MCShare.release.xcconfig */;
			buildSettings = {
				ASSETCATALOG_COMPILER_APPICON_NAME = AppIcon;
				CODE_SIGN_STYLE = Automatic;
				DEVELOPMENT_TEAM = D8RJFY6RH2;
				INFOPLIST_FILE = MCShare/Info.plist;
				LD_RUNPATH_SEARCH_PATHS = (
					"$(inherited)",
					"@executable_path/Frameworks",
				);
				PRODUCT_BUNDLE_IDENTIFIER = com.poholo.MCShare;
				PRODUCT_NAME = "$(TARGET_NAME)";
				TARGETED_DEVICE_FAMILY = "1,2";
				USER_HEADER_SEARCH_PATHS = "\"${PROJECT_DIR}/Pods\"/**";
			};
			name = Release;
		};
/* End XCBuildConfiguration section */

/* Begin XCConfigurationList section */
		25AA033021A41CD10009A1D9 /* Build configuration list for PBXProject "MCShare" */ = {
			isa = XCConfigurationList;
			buildConfigurations = (
				25AA034921A41CD40009A1D9 /* Debug */,
				25AA034A21A41CD40009A1D9 /* Release */,
			);
			defaultConfigurationIsVisible = 0;
			defaultConfigurationName = Release;
		};
		25AA034B21A41CD40009A1D9 /* Build configuration list for PBXNativeTarget "MCShare" */ = {
			isa = XCConfigurationList;
			buildConfigurations = (
				25AA034C21A41CD40009A1D9 /* Debug */,
				25AA034D21A41CD40009A1D9 /* Release */,
			);
			defaultConfigurationIsVisible = 0;
			defaultConfigurationName = Release;
		};
/* End XCConfigurationList section */
	};
	rootObject = 25AA032D21A41CD10009A1D9 /* Project object */;
}
